// !$*UTF8*$!
{
	archiveVersion = 1;
	classes = {
	};
	objectVersion = 55;
	objects = {

/* Begin PBXBuildFile section */
		450CF2402944F50A0022BA08 /* VideoTableViewCell.swift in Sources */ = {isa = PBXBuildFile; fileRef = 450CF23F2944F50A0022BA08 /* VideoTableViewCell.swift */; };
		451351F0291EEC0A007C7BC5 /* AppCoordinator.swift in Sources */ = {isa = PBXBuildFile; fileRef = 451351EF291EEC0A007C7BC5 /* AppCoordinator.swift */; };
		451351F2291EEC64007C7BC5 /* Coordinatable.swift in Sources */ = {isa = PBXBuildFile; fileRef = 451351F1291EEC64007C7BC5 /* Coordinatable.swift */; };
		451351F5291EEE19007C7BC5 /* AppFactory.swift in Sources */ = {isa = PBXBuildFile; fileRef = 451351F4291EEE19007C7BC5 /* AppFactory.swift */; };
		451351F9291EF2BC007C7BC5 /* Module.swift in Sources */ = {isa = PBXBuildFile; fileRef = 451351F8291EF2BC007C7BC5 /* Module.swift */; };
		451351FC291F0052007C7BC5 /* TabBarController.swift in Sources */ = {isa = PBXBuildFile; fileRef = 451351FB291F0052007C7BC5 /* TabBarController.swift */; };
		451351FE291F00F3007C7BC5 /* LoginCoordinator.swift in Sources */ = {isa = PBXBuildFile; fileRef = 451351FD291F00F3007C7BC5 /* LoginCoordinator.swift */; };
		45135200291F11EC007C7BC5 /* FeedCoordinator.swift in Sources */ = {isa = PBXBuildFile; fileRef = 451351FF291F11EC007C7BC5 /* FeedCoordinator.swift */; };
		4516B4042963AB4D00FB0358 /* RealmService.swift in Sources */ = {isa = PBXBuildFile; fileRef = 4516B4032963AB4D00FB0358 /* RealmService.swift */; };
		451C88BF29A63D6300F91C8D /* MapViewController.swift in Sources */ = {isa = PBXBuildFile; fileRef = 451C88BE29A63D6300F91C8D /* MapViewController.swift */; };
		451FE93A2880BA240024A924 /* AppDelegate.swift in Sources */ = {isa = PBXBuildFile; fileRef = 451FE9392880BA240024A924 /* AppDelegate.swift */; };
		451FE93C2880BA240024A924 /* SceneDelegate.swift in Sources */ = {isa = PBXBuildFile; fileRef = 451FE93B2880BA240024A924 /* SceneDelegate.swift */; };
		451FE9432880BA270024A924 /* Assets.xcassets in Resources */ = {isa = PBXBuildFile; fileRef = 451FE9422880BA270024A924 /* Assets.xcassets */; };
		451FE9462880BA270024A924 /* LaunchScreen.storyboard in Resources */ = {isa = PBXBuildFile; fileRef = 451FE9442880BA270024A924 /* LaunchScreen.storyboard */; };
		451FE94E2880C5620024A924 /* FeedViewController.swift in Sources */ = {isa = PBXBuildFile; fileRef = 451FE94D2880C5620024A924 /* FeedViewController.swift */; };
		451FE9502880CB8A0024A924 /* PostViewController.swift in Sources */ = {isa = PBXBuildFile; fileRef = 451FE94F2880CB8A0024A924 /* PostViewController.swift */; };
		451FE95228834D240024A924 /* ProfileViewController.swift in Sources */ = {isa = PBXBuildFile; fileRef = 451FE95128834D240024A924 /* ProfileViewController.swift */; };
		451FE9542886F4690024A924 /* InfoViewController.swift in Sources */ = {isa = PBXBuildFile; fileRef = 451FE9532886F4690024A924 /* InfoViewController.swift */; };
		4529CF4A29B7F370001C6AD3 /* String.swift in Sources */ = {isa = PBXBuildFile; fileRef = 4529CF4929B7F370001C6AD3 /* String.swift */; };
		4529CF4D29B7F3D0001C6AD3 /* Localizable.strings in Resources */ = {isa = PBXBuildFile; fileRef = 4529CF4F29B7F3D0001C6AD3 /* Localizable.strings */; };
		4529CF5329B8FDE3001C6AD3 /* Localizable.stringsdict in Resources */ = {isa = PBXBuildFile; fileRef = 4529CF5529B8FDE3001C6AD3 /* Localizable.stringsdict */; };
		4529EE5229AE2CA4005ECC69 /* AnyLocations.swift in Sources */ = {isa = PBXBuildFile; fileRef = 4529EE5129AE2CA4005ECC69 /* AnyLocations.swift */; };
		452D9D0F29D1CF7C00BE0BE0 /* Color.swift in Sources */ = {isa = PBXBuildFile; fileRef = 452D9D0E29D1CF7C00BE0BE0 /* Color.swift */; };
		45378B19294D29BF004900B6 /* Post.swift in Sources */ = {isa = PBXBuildFile; fileRef = 4594EEFA28A0695C000B408C /* Post.swift */; };
		45378B1C294D2C41004900B6 /* FirebaseAuth in Frameworks */ = {isa = PBXBuildFile; productRef = 45378B1B294D2C41004900B6 /* FirebaseAuth */; };
		45378B1E294D2C41004900B6 /* FirebaseDatabase in Frameworks */ = {isa = PBXBuildFile; productRef = 45378B1D294D2C41004900B6 /* FirebaseDatabase */; };
		453F93EA2944863C00A374DA /* MusicViewController.swift in Sources */ = {isa = PBXBuildFile; fileRef = 453F93E92944863C00A374DA /* MusicViewController.swift */; };
		453F93EC294486B000A374DA /* MusicViewModel.swift in Sources */ = {isa = PBXBuildFile; fileRef = 453F93EB294486B000A374DA /* MusicViewModel.swift */; };
		453F93EE2944881700A374DA /* Queen.mp3 in Resources */ = {isa = PBXBuildFile; fileRef = 453F93ED2944881700A374DA /* Queen.mp3 */; };
		453F93F02944882600A374DA /* Just The Two Of Us.mp3 in Resources */ = {isa = PBXBuildFile; fileRef = 453F93EF2944882600A374DA /* Just The Two Of Us.mp3 */; };
		453F93F22944883000A374DA /* 09 We Like Songs.mp3 in Resources */ = {isa = PBXBuildFile; fileRef = 453F93F12944883000A374DA /* 09 We Like Songs.mp3 */; };
		453F93F42944883B00A374DA /* Chet Faker  - No Diggity Live Sessions.mp3 in Resources */ = {isa = PBXBuildFile; fileRef = 453F93F32944883B00A374DA /* Chet Faker  - No Diggity Live Sessions.mp3 */; };
		453F93F62944884600A374DA /* All I Do (Todd Terje Edit).mp3 in Resources */ = {isa = PBXBuildFile; fileRef = 453F93F52944884600A374DA /* All I Do (Todd Terje Edit).mp3 */; };
		453F93F8294489F900A374DA /* MusicCoordinator.swift in Sources */ = {isa = PBXBuildFile; fileRef = 453F93F7294489F900A374DA /* MusicCoordinator.swift */; };
		453F93FF29448E3F00A374DA /* IMG_8285.JPG in Resources */ = {isa = PBXBuildFile; fileRef = 453F93FA29448E3B00A374DA /* IMG_8285.JPG */; };
		453F940029448E3F00A374DA /* IMG_8282.JPG in Resources */ = {isa = PBXBuildFile; fileRef = 453F93FB29448E3C00A374DA /* IMG_8282.JPG */; };
		453F940129448E3F00A374DA /* IMG_8284.JPG in Resources */ = {isa = PBXBuildFile; fileRef = 453F93FC29448E3D00A374DA /* IMG_8284.JPG */; };
		453F940229448E3F00A374DA /* IMG_8283.JPG in Resources */ = {isa = PBXBuildFile; fileRef = 453F93FD29448E3E00A374DA /* IMG_8283.JPG */; };
		453F940329448E3F00A374DA /* IMG_8286.JPG in Resources */ = {isa = PBXBuildFile; fileRef = 453F93FE29448E3F00A374DA /* IMG_8286.JPG */; };
		453F94052944C1BE00A374DA /* VideoView.swift in Sources */ = {isa = PBXBuildFile; fileRef = 453F94042944C1BE00A374DA /* VideoView.swift */; };
		4545DFC1291DBB9700F2BA9B /* iOSIntPackage in Frameworks */ = {isa = PBXBuildFile; productRef = 4545DFC0291DBB9700F2BA9B /* iOSIntPackage */; };
		4549A948294631F4005558C3 /* NetworkManager.swift in Sources */ = {isa = PBXBuildFile; fileRef = 4549A947294631F4005558C3 /* NetworkManager.swift */; };
		4549A94B294798E5005558C3 /* InfoViewModel.swift in Sources */ = {isa = PBXBuildFile; fileRef = 4549A94A294798E5005558C3 /* InfoViewModel.swift */; };
		4549A94D29479941005558C3 /* InfoCoordinator.swift in Sources */ = {isa = PBXBuildFile; fileRef = 4549A94C29479941005558C3 /* InfoCoordinator.swift */; };
		4549A94F2947E35B005558C3 /* InfoNetworkManager.swift in Sources */ = {isa = PBXBuildFile; fileRef = 4549A94E2947E35B005558C3 /* InfoNetworkManager.swift */; };
		4549A9512949411B005558C3 /* InfoTableVIewCell.swift in Sources */ = {isa = PBXBuildFile; fileRef = 4549A9502949411A005558C3 /* InfoTableVIewCell.swift */; };
		4556F8B1293987EE00EF2AA9 /* BrutForce.swift in Sources */ = {isa = PBXBuildFile; fileRef = 4556F8B0293987EE00EF2AA9 /* BrutForce.swift */; };
		455C903A2907381000A608C8 /* LoginModel.swift in Sources */ = {isa = PBXBuildFile; fileRef = 455C90392907381000A608C8 /* LoginModel.swift */; };
		455CCAC528AD81D7005590E2 /* PhotosCollectionViewCell.swift in Sources */ = {isa = PBXBuildFile; fileRef = 455CCAC428AD81D7005590E2 /* PhotosCollectionViewCell.swift */; };
		455CCAC728B570B7005590E2 /* AvatarView.swift in Sources */ = {isa = PBXBuildFile; fileRef = 455CCAC628B570B7005590E2 /* AvatarView.swift */; };
		4578B99829E0723500720FD7 /* LoginViewModelTests.swift in Sources */ = {isa = PBXBuildFile; fileRef = 4578B99729E0723500720FD7 /* LoginViewModelTests.swift */; };
		4578B9A029E1BE1700720FD7 /* Realm in Frameworks */ = {isa = PBXBuildFile; productRef = 4578B99F29E1BE1700720FD7 /* Realm */; };
		4578B9A229E1BEB700720FD7 /* FirebaseDatabase in Frameworks */ = {isa = PBXBuildFile; productRef = 4578B9A129E1BEB700720FD7 /* FirebaseDatabase */; };
		4578B9A629E3110A00720FD7 /* LocalAuthorizationService.swift in Sources */ = {isa = PBXBuildFile; fileRef = 4578B9A529E3110A00720FD7 /* LocalAuthorizationService.swift */; };
		457AA3A528A9855900BFB8A9 /* PhotosTableViewCell.swift in Sources */ = {isa = PBXBuildFile; fileRef = 457AA3A428A9855900BFB8A9 /* PhotosTableViewCell.swift */; };
		457AA3A728AC3CB600BFB8A9 /* Photos.swift in Sources */ = {isa = PBXBuildFile; fileRef = 457AA3A628AC3CB600BFB8A9 /* Photos.swift */; };
		457AA3A928AC415400BFB8A9 /* PhotosViewController.swift in Sources */ = {isa = PBXBuildFile; fileRef = 457AA3A828AC415400BFB8A9 /* PhotosViewController.swift */; };
		45832A3F289971D7005C65C2 /* LoginViewController.swift in Sources */ = {isa = PBXBuildFile; fileRef = 45832A3E289971D7005C65C2 /* LoginViewController.swift */; };
		45832A412899C067005C65C2 /* logo.png in Resources */ = {isa = PBXBuildFile; fileRef = 45832A402899C067005C65C2 /* logo.png */; };
		45832A43289C3B50005C65C2 /* Blue_pixel.png in Resources */ = {isa = PBXBuildFile; fileRef = 45832A42289C3B50005C65C2 /* Blue_pixel.png */; };
		4588176E291BFA56000693BA /* FeedModel.swift in Sources */ = {isa = PBXBuildFile; fileRef = 4588176D291BFA56000693BA /* FeedModel.swift */; };
		458CD4012901FFB10059BA45 /* CurrentUserService.swift in Sources */ = {isa = PBXBuildFile; fileRef = 458CD4002901FFB10059BA45 /* CurrentUserService.swift */; };
		458F2656291188B60098C7EF /* ImageManager.swift in Sources */ = {isa = PBXBuildFile; fileRef = 458F2655291188B60098C7EF /* ImageManager.swift */; };
		459B5DD0290D5FA80046160C /* LoginFactory.swift in Sources */ = {isa = PBXBuildFile; fileRef = 459B5DCF290D5FA70046160C /* LoginFactory.swift */; };
		45A1FDEF291BD1C4000F3320 /* CustomButton.swift in Sources */ = {isa = PBXBuildFile; fileRef = 45A1FDEE291BD1C4000F3320 /* CustomButton.swift */; };
		45A685A029647EA70052FCD5 /* Realm in Frameworks */ = {isa = PBXBuildFile; productRef = 45A6859F29647EA70052FCD5 /* Realm */; };
		45A685A229647EA70052FCD5 /* RealmSwift in Frameworks */ = {isa = PBXBuildFile; productRef = 45A685A129647EA70052FCD5 /* RealmSwift */; };
		45A685BC2967856D0052FCD5 /* RealmLoginModel.swift in Sources */ = {isa = PBXBuildFile; fileRef = 45A685BB2967856D0052FCD5 /* RealmLoginModel.swift */; };
		45AEBC6C294BC21900C4A7A2 /* GoogleService-Info.plist in Resources */ = {isa = PBXBuildFile; fileRef = 45AEBC6B294BC21800C4A7A2 /* GoogleService-Info.plist */; };
		45AEBC71294BCF0000C4A7A2 /* CheckService.swift in Sources */ = {isa = PBXBuildFile; fileRef = 45AEBC70294BCF0000C4A7A2 /* CheckService.swift */; };
		45AEBC73294CA82B00C4A7A2 /* RegisterViewController.swift in Sources */ = {isa = PBXBuildFile; fileRef = 45AEBC72294CA82B00C4A7A2 /* RegisterViewController.swift */; };
		45BE242A29882F5200111720 /* KeychainAccess in Frameworks */ = {isa = PBXBuildFile; productRef = 45BE242929882F5200111720 /* KeychainAccess */; };
		45C7A21F29059031008C08CD /* TestUserService.swift in Sources */ = {isa = PBXBuildFile; fileRef = 45C7A21E29059031008C08CD /* TestUserService.swift */; };
		45CF81C628A2597A006F6960 /* PostTableViewCell.swift in Sources */ = {isa = PBXBuildFile; fileRef = 45CF81C528A2597A006F6960 /* PostTableViewCell.swift */; };
		45D4D3BB2969DCE70006512C /* LikeCoordinator.swift in Sources */ = {isa = PBXBuildFile; fileRef = 45D4D3BA2969DCE70006512C /* LikeCoordinator.swift */; };
		45D4D3BD2969DD5E0006512C /* LikeViewController.swift in Sources */ = {isa = PBXBuildFile; fileRef = 45D4D3BC2969DD5E0006512C /* LikeViewController.swift */; };
		45D4D3BF2969DDCF0006512C /* LikeViewModel.swift in Sources */ = {isa = PBXBuildFile; fileRef = 45D4D3BE2969DDCF0006512C /* LikeViewModel.swift */; };
		45D4D3C12969E3E30006512C /* LikeTableViewCell.swift in Sources */ = {isa = PBXBuildFile; fileRef = 45D4D3C02969E3E30006512C /* LikeTableViewCell.swift */; };
		45D4D3C4296A22B40006512C /* LikeData.xcdatamodeld in Sources */ = {isa = PBXBuildFile; fileRef = 45D4D3C2296A22B40006512C /* LikeData.xcdatamodeld */; };
		45D4D3C6296A262E0006512C /* CoreDataManager.swift in Sources */ = {isa = PBXBuildFile; fileRef = 45D4D3C5296A262E0006512C /* CoreDataManager.swift */; };
		45D4D3C8296B1FAF0006512C /* ExtensionLike.swift in Sources */ = {isa = PBXBuildFile; fileRef = 45D4D3C7296B1FAF0006512C /* ExtensionLike.swift */; };
		45EF991C2922F3C700AC3AF6 /* LoginViewModel.swift in Sources */ = {isa = PBXBuildFile; fileRef = 45EF991B2922F3C700AC3AF6 /* LoginViewModel.swift */; };
		45EF991E292661E400AC3AF6 /* ProfileView.swift in Sources */ = {isa = PBXBuildFile; fileRef = 45EF991D292661E400AC3AF6 /* ProfileView.swift */; };
		45EF992229270A0C00AC3AF6 /* ProfileCoordinator.swift in Sources */ = {isa = PBXBuildFile; fileRef = 45EF992129270A0C00AC3AF6 /* ProfileCoordinator.swift */; };
		45F469E529B7B57A00788D1F /* InfoPlist.strings in Resources */ = {isa = PBXBuildFile; fileRef = 45F469E729B7B57A00788D1F /* InfoPlist.strings */; };
/* End PBXBuildFile section */

/* Begin PBXContainerItemProxy section */
		4578B99929E0723500720FD7 /* PBXContainerItemProxy */ = {
			isa = PBXContainerItemProxy;
			containerPortal = 451FE92E2880BA240024A924 /* Project object */;
			proxyType = 1;
			remoteGlobalIDString = 451FE9352880BA240024A924;
			remoteInfo = Navigation;
		};
/* End PBXContainerItemProxy section */

/* Begin PBXCopyFilesBuildPhase section */
		45FA849F28F8CCF300F71E79 /* Embed Frameworks */ = {
			isa = PBXCopyFilesBuildPhase;
			buildActionMask = 2147483647;
			dstPath = "";
			dstSubfolderSpec = 10;
			files = (
			);
			name = "Embed Frameworks";
			runOnlyForDeploymentPostprocessing = 0;
		};
/* End PBXCopyFilesBuildPhase section */

/* Begin PBXFileReference section */
		450CF23F2944F50A0022BA08 /* VideoTableViewCell.swift */ = {isa = PBXFileReference; lastKnownFileType = sourcecode.swift; path = VideoTableViewCell.swift; sourceTree = "<group>"; };
		451351EF291EEC0A007C7BC5 /* AppCoordinator.swift */ = {isa = PBXFileReference; lastKnownFileType = sourcecode.swift; path = AppCoordinator.swift; sourceTree = "<group>"; };
		451351F1291EEC64007C7BC5 /* Coordinatable.swift */ = {isa = PBXFileReference; lastKnownFileType = sourcecode.swift; path = Coordinatable.swift; sourceTree = "<group>"; };
		451351F4291EEE19007C7BC5 /* AppFactory.swift */ = {isa = PBXFileReference; lastKnownFileType = sourcecode.swift; path = AppFactory.swift; sourceTree = "<group>"; };
		451351F8291EF2BC007C7BC5 /* Module.swift */ = {isa = PBXFileReference; lastKnownFileType = sourcecode.swift; path = Module.swift; sourceTree = "<group>"; };
		451351FB291F0052007C7BC5 /* TabBarController.swift */ = {isa = PBXFileReference; lastKnownFileType = sourcecode.swift; path = TabBarController.swift; sourceTree = "<group>"; };
		451351FD291F00F3007C7BC5 /* LoginCoordinator.swift */ = {isa = PBXFileReference; lastKnownFileType = sourcecode.swift; path = LoginCoordinator.swift; sourceTree = "<group>"; };
		451351FF291F11EC007C7BC5 /* FeedCoordinator.swift */ = {isa = PBXFileReference; lastKnownFileType = sourcecode.swift; path = FeedCoordinator.swift; sourceTree = "<group>"; };
		4516B4032963AB4D00FB0358 /* RealmService.swift */ = {isa = PBXFileReference; lastKnownFileType = sourcecode.swift; path = RealmService.swift; sourceTree = "<group>"; };
		451C88BE29A63D6300F91C8D /* MapViewController.swift */ = {isa = PBXFileReference; lastKnownFileType = sourcecode.swift; path = MapViewController.swift; sourceTree = "<group>"; };
		451FE9362880BA240024A924 /* Navigation.app */ = {isa = PBXFileReference; explicitFileType = wrapper.application; includeInIndex = 0; path = Navigation.app; sourceTree = BUILT_PRODUCTS_DIR; };
		451FE9392880BA240024A924 /* AppDelegate.swift */ = {isa = PBXFileReference; lastKnownFileType = sourcecode.swift; path = AppDelegate.swift; sourceTree = "<group>"; };
		451FE93B2880BA240024A924 /* SceneDelegate.swift */ = {isa = PBXFileReference; lastKnownFileType = sourcecode.swift; path = SceneDelegate.swift; sourceTree = "<group>"; };
		451FE9422880BA270024A924 /* Assets.xcassets */ = {isa = PBXFileReference; lastKnownFileType = folder.assetcatalog; path = Assets.xcassets; sourceTree = "<group>"; };
		451FE9452880BA270024A924 /* Base */ = {isa = PBXFileReference; lastKnownFileType = file.storyboard; name = Base; path = Base.lproj/LaunchScreen.storyboard; sourceTree = "<group>"; };
		451FE94D2880C5620024A924 /* FeedViewController.swift */ = {isa = PBXFileReference; lastKnownFileType = sourcecode.swift; path = FeedViewController.swift; sourceTree = "<group>"; };
		451FE94F2880CB8A0024A924 /* PostViewController.swift */ = {isa = PBXFileReference; lastKnownFileType = sourcecode.swift; path = PostViewController.swift; sourceTree = "<group>"; };
		451FE95128834D240024A924 /* ProfileViewController.swift */ = {isa = PBXFileReference; lastKnownFileType = sourcecode.swift; name = ProfileViewController.swift; path = Navigation/ProfileViewController.swift; sourceTree = SOURCE_ROOT; };
		451FE9532886F4690024A924 /* InfoViewController.swift */ = {isa = PBXFileReference; lastKnownFileType = sourcecode.swift; path = InfoViewController.swift; sourceTree = "<group>"; };
		4529CF4829B7F11D001C6AD3 /* en */ = {isa = PBXFileReference; lastKnownFileType = text.plist.strings; name = en; path = en.lproj/LaunchScreen.strings; sourceTree = "<group>"; };
		4529CF4929B7F370001C6AD3 /* String.swift */ = {isa = PBXFileReference; lastKnownFileType = sourcecode.swift; path = String.swift; sourceTree = "<group>"; };
		4529CF4E29B7F3D0001C6AD3 /* en */ = {isa = PBXFileReference; lastKnownFileType = text.plist.strings; name = en; path = en.lproj/Localizable.strings; sourceTree = "<group>"; };
		4529CF5029B7F3DE001C6AD3 /* ru */ = {isa = PBXFileReference; lastKnownFileType = text.plist.strings; name = ru; path = ru.lproj/Localizable.strings; sourceTree = "<group>"; };
		4529CF5429B8FDE3001C6AD3 /* en */ = {isa = PBXFileReference; lastKnownFileType = text.plist.stringsdict; name = en; path = en.lproj/Localizable.stringsdict; sourceTree = "<group>"; };
		4529CF5629B8FDEA001C6AD3 /* ru */ = {isa = PBXFileReference; lastKnownFileType = text.plist.stringsdict; name = ru; path = ru.lproj/Localizable.stringsdict; sourceTree = "<group>"; };
		4529EE5129AE2CA4005ECC69 /* AnyLocations.swift */ = {isa = PBXFileReference; lastKnownFileType = sourcecode.swift; path = AnyLocations.swift; sourceTree = "<group>"; };
		452D9D0E29D1CF7C00BE0BE0 /* Color.swift */ = {isa = PBXFileReference; lastKnownFileType = sourcecode.swift; path = Color.swift; sourceTree = "<group>"; };
		453F93E92944863C00A374DA /* MusicViewController.swift */ = {isa = PBXFileReference; lastKnownFileType = sourcecode.swift; path = MusicViewController.swift; sourceTree = "<group>"; };
		453F93EB294486B000A374DA /* MusicViewModel.swift */ = {isa = PBXFileReference; lastKnownFileType = sourcecode.swift; path = MusicViewModel.swift; sourceTree = "<group>"; };
		453F93ED2944881700A374DA /* Queen.mp3 */ = {isa = PBXFileReference; lastKnownFileType = audio.mp3; path = Queen.mp3; sourceTree = "<group>"; };
		453F93EF2944882600A374DA /* Just The Two Of Us.mp3 */ = {isa = PBXFileReference; lastKnownFileType = audio.mp3; path = "Just The Two Of Us.mp3"; sourceTree = "<group>"; };
		453F93F12944883000A374DA /* 09 We Like Songs.mp3 */ = {isa = PBXFileReference; lastKnownFileType = audio.mp3; path = "09 We Like Songs.mp3"; sourceTree = "<group>"; };
		453F93F32944883B00A374DA /* Chet Faker  - No Diggity Live Sessions.mp3 */ = {isa = PBXFileReference; lastKnownFileType = audio.mp3; path = "Chet Faker  - No Diggity Live Sessions.mp3"; sourceTree = "<group>"; };
		453F93F52944884600A374DA /* All I Do (Todd Terje Edit).mp3 */ = {isa = PBXFileReference; lastKnownFileType = audio.mp3; path = "All I Do (Todd Terje Edit).mp3"; sourceTree = "<group>"; };
		453F93F7294489F900A374DA /* MusicCoordinator.swift */ = {isa = PBXFileReference; lastKnownFileType = sourcecode.swift; path = MusicCoordinator.swift; sourceTree = "<group>"; };
		453F93FA29448E3B00A374DA /* IMG_8285.JPG */ = {isa = PBXFileReference; lastKnownFileType = image.jpeg; path = IMG_8285.JPG; sourceTree = "<group>"; };
		453F93FB29448E3C00A374DA /* IMG_8282.JPG */ = {isa = PBXFileReference; lastKnownFileType = image.jpeg; path = IMG_8282.JPG; sourceTree = "<group>"; };
		453F93FC29448E3D00A374DA /* IMG_8284.JPG */ = {isa = PBXFileReference; lastKnownFileType = image.jpeg; path = IMG_8284.JPG; sourceTree = "<group>"; };
		453F93FD29448E3E00A374DA /* IMG_8283.JPG */ = {isa = PBXFileReference; lastKnownFileType = image.jpeg; path = IMG_8283.JPG; sourceTree = "<group>"; };
		453F93FE29448E3F00A374DA /* IMG_8286.JPG */ = {isa = PBXFileReference; lastKnownFileType = image.jpeg; path = IMG_8286.JPG; sourceTree = "<group>"; };
		453F94042944C1BE00A374DA /* VideoView.swift */ = {isa = PBXFileReference; lastKnownFileType = sourcecode.swift; path = VideoView.swift; sourceTree = "<group>"; };
		4549A947294631F4005558C3 /* NetworkManager.swift */ = {isa = PBXFileReference; lastKnownFileType = sourcecode.swift; path = NetworkManager.swift; sourceTree = "<group>"; };
		4549A94A294798E5005558C3 /* InfoViewModel.swift */ = {isa = PBXFileReference; lastKnownFileType = sourcecode.swift; path = InfoViewModel.swift; sourceTree = "<group>"; };
		4549A94C29479941005558C3 /* InfoCoordinator.swift */ = {isa = PBXFileReference; lastKnownFileType = sourcecode.swift; path = InfoCoordinator.swift; sourceTree = "<group>"; };
		4549A94E2947E35B005558C3 /* InfoNetworkManager.swift */ = {isa = PBXFileReference; lastKnownFileType = sourcecode.swift; path = InfoNetworkManager.swift; sourceTree = "<group>"; };
		4549A9502949411A005558C3 /* InfoTableVIewCell.swift */ = {isa = PBXFileReference; lastKnownFileType = sourcecode.swift; path = InfoTableVIewCell.swift; sourceTree = "<group>"; };
		4556F8B0293987EE00EF2AA9 /* BrutForce.swift */ = {isa = PBXFileReference; lastKnownFileType = sourcecode.swift; path = BrutForce.swift; sourceTree = "<group>"; };
		455C90392907381000A608C8 /* LoginModel.swift */ = {isa = PBXFileReference; lastKnownFileType = sourcecode.swift; path = LoginModel.swift; sourceTree = "<group>"; };
		455CCAC428AD81D7005590E2 /* PhotosCollectionViewCell.swift */ = {isa = PBXFileReference; lastKnownFileType = sourcecode.swift; path = PhotosCollectionViewCell.swift; sourceTree = "<group>"; };
		455CCAC628B570B7005590E2 /* AvatarView.swift */ = {isa = PBXFileReference; lastKnownFileType = sourcecode.swift; path = AvatarView.swift; sourceTree = "<group>"; };
		4578B99529E0723500720FD7 /* NavigationTests.xctest */ = {isa = PBXFileReference; explicitFileType = wrapper.cfbundle; includeInIndex = 0; path = NavigationTests.xctest; sourceTree = BUILT_PRODUCTS_DIR; };
		4578B99729E0723500720FD7 /* LoginViewModelTests.swift */ = {isa = PBXFileReference; lastKnownFileType = sourcecode.swift; path = LoginViewModelTests.swift; sourceTree = "<group>"; };
		4578B9A529E3110A00720FD7 /* LocalAuthorizationService.swift */ = {isa = PBXFileReference; lastKnownFileType = sourcecode.swift; path = LocalAuthorizationService.swift; sourceTree = "<group>"; };
		457AA3A428A9855900BFB8A9 /* PhotosTableViewCell.swift */ = {isa = PBXFileReference; lastKnownFileType = sourcecode.swift; path = PhotosTableViewCell.swift; sourceTree = "<group>"; };
		457AA3A628AC3CB600BFB8A9 /* Photos.swift */ = {isa = PBXFileReference; lastKnownFileType = sourcecode.swift; path = Photos.swift; sourceTree = "<group>"; };
		457AA3A828AC415400BFB8A9 /* PhotosViewController.swift */ = {isa = PBXFileReference; lastKnownFileType = sourcecode.swift; path = PhotosViewController.swift; sourceTree = "<group>"; };
		45832A3E289971D7005C65C2 /* LoginViewController.swift */ = {isa = PBXFileReference; lastKnownFileType = sourcecode.swift; path = LoginViewController.swift; sourceTree = "<group>"; };
		45832A402899C067005C65C2 /* logo.png */ = {isa = PBXFileReference; lastKnownFileType = image.png; path = logo.png; sourceTree = "<group>"; };
		45832A42289C3B50005C65C2 /* Blue_pixel.png */ = {isa = PBXFileReference; lastKnownFileType = image.png; path = Blue_pixel.png; sourceTree = "<group>"; };
		4588176D291BFA56000693BA /* FeedModel.swift */ = {isa = PBXFileReference; lastKnownFileType = sourcecode.swift; path = FeedModel.swift; sourceTree = "<group>"; };
		458CD4002901FFB10059BA45 /* CurrentUserService.swift */ = {isa = PBXFileReference; lastKnownFileType = sourcecode.swift; path = CurrentUserService.swift; sourceTree = "<group>"; };
		458F2655291188B60098C7EF /* ImageManager.swift */ = {isa = PBXFileReference; lastKnownFileType = sourcecode.swift; path = ImageManager.swift; sourceTree = "<group>"; };
		4594EEFA28A0695C000B408C /* Post.swift */ = {isa = PBXFileReference; lastKnownFileType = sourcecode.swift; path = Post.swift; sourceTree = "<group>"; };
		459B5DCF290D5FA70046160C /* LoginFactory.swift */ = {isa = PBXFileReference; lastKnownFileType = sourcecode.swift; path = LoginFactory.swift; sourceTree = "<group>"; };
		45A1FDEE291BD1C4000F3320 /* CustomButton.swift */ = {isa = PBXFileReference; lastKnownFileType = sourcecode.swift; path = CustomButton.swift; sourceTree = "<group>"; };
		45A685BB2967856D0052FCD5 /* RealmLoginModel.swift */ = {isa = PBXFileReference; lastKnownFileType = sourcecode.swift; path = RealmLoginModel.swift; sourceTree = "<group>"; };
		45AEBC6B294BC21800C4A7A2 /* GoogleService-Info.plist */ = {isa = PBXFileReference; fileEncoding = 4; lastKnownFileType = text.plist.xml; path = "GoogleService-Info.plist"; sourceTree = "<group>"; };
		45AEBC70294BCF0000C4A7A2 /* CheckService.swift */ = {isa = PBXFileReference; lastKnownFileType = sourcecode.swift; path = CheckService.swift; sourceTree = "<group>"; };
		45AEBC72294CA82B00C4A7A2 /* RegisterViewController.swift */ = {isa = PBXFileReference; lastKnownFileType = sourcecode.swift; path = RegisterViewController.swift; sourceTree = "<group>"; };
		45C7A21E29059031008C08CD /* TestUserService.swift */ = {isa = PBXFileReference; lastKnownFileType = sourcecode.swift; path = TestUserService.swift; sourceTree = "<group>"; };
		45CF81C528A2597A006F6960 /* PostTableViewCell.swift */ = {isa = PBXFileReference; lastKnownFileType = sourcecode.swift; path = PostTableViewCell.swift; sourceTree = "<group>"; };
		45D4D3BA2969DCE70006512C /* LikeCoordinator.swift */ = {isa = PBXFileReference; lastKnownFileType = sourcecode.swift; path = LikeCoordinator.swift; sourceTree = "<group>"; };
		45D4D3BC2969DD5E0006512C /* LikeViewController.swift */ = {isa = PBXFileReference; lastKnownFileType = sourcecode.swift; path = LikeViewController.swift; sourceTree = "<group>"; };
		45D4D3BE2969DDCF0006512C /* LikeViewModel.swift */ = {isa = PBXFileReference; lastKnownFileType = sourcecode.swift; path = LikeViewModel.swift; sourceTree = "<group>"; };
		45D4D3C02969E3E30006512C /* LikeTableViewCell.swift */ = {isa = PBXFileReference; lastKnownFileType = sourcecode.swift; path = LikeTableViewCell.swift; sourceTree = "<group>"; };
		45D4D3C3296A22B40006512C /* LikeData.xcdatamodel */ = {isa = PBXFileReference; lastKnownFileType = wrapper.xcdatamodel; path = LikeData.xcdatamodel; sourceTree = "<group>"; };
		45D4D3C5296A262E0006512C /* CoreDataManager.swift */ = {isa = PBXFileReference; lastKnownFileType = sourcecode.swift; path = CoreDataManager.swift; sourceTree = "<group>"; };
		45D4D3C7296B1FAF0006512C /* ExtensionLike.swift */ = {isa = PBXFileReference; lastKnownFileType = sourcecode.swift; path = ExtensionLike.swift; sourceTree = "<group>"; };
		45EF991B2922F3C700AC3AF6 /* LoginViewModel.swift */ = {isa = PBXFileReference; lastKnownFileType = sourcecode.swift; path = LoginViewModel.swift; sourceTree = "<group>"; };
		45EF991D292661E400AC3AF6 /* ProfileView.swift */ = {isa = PBXFileReference; lastKnownFileType = sourcecode.swift; path = ProfileView.swift; sourceTree = "<group>"; };
		45EF992129270A0C00AC3AF6 /* ProfileCoordinator.swift */ = {isa = PBXFileReference; lastKnownFileType = sourcecode.swift; path = ProfileCoordinator.swift; sourceTree = "<group>"; };
		45F469D429B7A20E00788D1F /* ru */ = {isa = PBXFileReference; lastKnownFileType = text.plist.strings; name = ru; path = ru.lproj/LaunchScreen.strings; sourceTree = "<group>"; };
		45F469E629B7B57A00788D1F /* en */ = {isa = PBXFileReference; lastKnownFileType = text.plist.strings; name = en; path = en.lproj/InfoPlist.strings; sourceTree = "<group>"; };
		45F469E929B7B5AA00788D1F /* ru */ = {isa = PBXFileReference; lastKnownFileType = text.plist.strings; name = ru; path = ru.lproj/InfoPlist.strings; sourceTree = "<group>"; };
/* End PBXFileReference section */

/* Begin PBXFrameworksBuildPhase section */
		451FE9332880BA240024A924 /* Frameworks */ = {
			isa = PBXFrameworksBuildPhase;
			buildActionMask = 2147483647;
			files = (
				45378B1E294D2C41004900B6 /* FirebaseDatabase in Frameworks */,
				4545DFC1291DBB9700F2BA9B /* iOSIntPackage in Frameworks */,
				45BE242A29882F5200111720 /* KeychainAccess in Frameworks */,
				45A685A029647EA70052FCD5 /* Realm in Frameworks */,
				45A685A229647EA70052FCD5 /* RealmSwift in Frameworks */,
				45378B1C294D2C41004900B6 /* FirebaseAuth in Frameworks */,
			);
			runOnlyForDeploymentPostprocessing = 0;
		};
		4578B99229E0723500720FD7 /* Frameworks */ = {
			isa = PBXFrameworksBuildPhase;
			buildActionMask = 2147483647;
			files = (
				4578B9A229E1BEB700720FD7 /* FirebaseDatabase in Frameworks */,
				4578B9A029E1BE1700720FD7 /* Realm in Frameworks */,
			);
			runOnlyForDeploymentPostprocessing = 0;
		};
/* End PBXFrameworksBuildPhase section */

/* Begin PBXGroup section */
		451351EE291EEBD9007C7BC5 /* Coordinators */ = {
			isa = PBXGroup;
			children = (
				451351EF291EEC0A007C7BC5 /* AppCoordinator.swift */,
				45D4D3BA2969DCE70006512C /* LikeCoordinator.swift */,
				451351FF291F11EC007C7BC5 /* FeedCoordinator.swift */,
				453F93F7294489F900A374DA /* MusicCoordinator.swift */,
				4549A94C29479941005558C3 /* InfoCoordinator.swift */,
				451351FD291F00F3007C7BC5 /* LoginCoordinator.swift */,
				45EF992129270A0C00AC3AF6 /* ProfileCoordinator.swift */,
				451351F1291EEC64007C7BC5 /* Coordinatable.swift */,
			);
			path = Coordinators;
			sourceTree = "<group>";
		};
		451351F3291EEDF4007C7BC5 /* Factory */ = {
			isa = PBXGroup;
			children = (
				451351F4291EEE19007C7BC5 /* AppFactory.swift */,
				459B5DCF290D5FA70046160C /* LoginFactory.swift */,
			);
			path = Factory;
			sourceTree = "<group>";
		};
		451351F6291EF1DE007C7BC5 /* Modules */ = {
			isa = PBXGroup;
			children = (
				451351F8291EF2BC007C7BC5 /* Module.swift */,
				45EF991A2922F38F00AC3AF6 /* Login */,
				451351F7291EF212007C7BC5 /* Feed */,
				45EF9923292849E400AC3AF6 /* Photos */,
				4549A949294798AB005558C3 /* Info */,
				451C88C029A63D6B00F91C8D /* Map */,
				451FE957288C5AD80024A924 /* Profile */,
			);
			path = Modules;
			sourceTree = "<group>";
		};
		451351F7291EF212007C7BC5 /* Feed */ = {
			isa = PBXGroup;
			children = (
				451FE94D2880C5620024A924 /* FeedViewController.swift */,
				4588176D291BFA56000693BA /* FeedModel.swift */,
			);
			path = Feed;
			sourceTree = "<group>";
		};
		451351FA291F0023007C7BC5 /* TabBar */ = {
			isa = PBXGroup;
			children = (
				451351FB291F0052007C7BC5 /* TabBarController.swift */,
			);
			path = TabBar;
			sourceTree = "<group>";
		};
		451C88C029A63D6B00F91C8D /* Map */ = {
			isa = PBXGroup;
			children = (
				451C88BE29A63D6300F91C8D /* MapViewController.swift */,
				4529EE5129AE2CA4005ECC69 /* AnyLocations.swift */,
			);
			path = Map;
			sourceTree = "<group>";
		};
		451FE92D2880BA240024A924 = {
			isa = PBXGroup;
			children = (
				451FE9382880BA240024A924 /* Navigation */,
				4578B99629E0723500720FD7 /* NavigationTests */,
				451FE9372880BA240024A924 /* Products */,
				4578B99E29E1BE1700720FD7 /* Frameworks */,
			);
			sourceTree = "<group>";
		};
		451FE9372880BA240024A924 /* Products */ = {
			isa = PBXGroup;
			children = (
				451FE9362880BA240024A924 /* Navigation.app */,
				4578B99529E0723500720FD7 /* NavigationTests.xctest */,
			);
			name = Products;
			sourceTree = "<group>";
		};
		451FE9382880BA240024A924 /* Navigation */ = {
			isa = PBXGroup;
			children = (
				451FE9392880BA240024A924 /* AppDelegate.swift */,
				451FE93B2880BA240024A924 /* SceneDelegate.swift */,
				4549A947294631F4005558C3 /* NetworkManager.swift */,
				451FE94F2880CB8A0024A924 /* PostViewController.swift */,
				452D9D0D29D1CF5000BE0BE0 /* Extension */,
				451351FA291F0023007C7BC5 /* TabBar */,
				451351F6291EF1DE007C7BC5 /* Modules */,
				45D4D3B92969DBB80006512C /* Like */,
				453F93E82944860E00A374DA /* Music */,
				451351F3291EEDF4007C7BC5 /* Factory */,
				451351EE291EEBD9007C7BC5 /* Coordinators */,
				45832A42289C3B50005C65C2 /* Blue_pixel.png */,
				451FE9422880BA270024A924 /* Assets.xcassets */,
				45832A402899C067005C65C2 /* logo.png */,
				453F93F929448E2200A374DA /* Albums */,
				451FE9442880BA270024A924 /* LaunchScreen.storyboard */,
				4529CF4929B7F370001C6AD3 /* String.swift */,
				45F469E729B7B57A00788D1F /* InfoPlist.strings */,
				4529CF5529B8FDE3001C6AD3 /* Localizable.stringsdict */,
				4529CF4F29B7F3D0001C6AD3 /* Localizable.strings */,
				45AEBC6B294BC21800C4A7A2 /* GoogleService-Info.plist */,
			);
			path = Navigation;
			sourceTree = "<group>";
		};
		451FE957288C5AD80024A924 /* Profile */ = {
			isa = PBXGroup;
			children = (
				451FE95128834D240024A924 /* ProfileViewController.swift */,
				45EF991D292661E400AC3AF6 /* ProfileView.swift */,
				455CCAC628B570B7005590E2 /* AvatarView.swift */,
				45CF81C528A2597A006F6960 /* PostTableViewCell.swift */,
				4594EEFA28A0695C000B408C /* Post.swift */,
				457AA3A428A9855900BFB8A9 /* PhotosTableViewCell.swift */,
				45C7A21E29059031008C08CD /* TestUserService.swift */,
				458CD4002901FFB10059BA45 /* CurrentUserService.swift */,
				45A1FDEE291BD1C4000F3320 /* CustomButton.swift */,
			);
			path = Profile;
			sourceTree = "<group>";
		};
		452D9D0D29D1CF5000BE0BE0 /* Extension */ = {
			isa = PBXGroup;
			children = (
				452D9D0E29D1CF7C00BE0BE0 /* Color.swift */,
			);
			path = Extension;
			sourceTree = "<group>";
		};
		453F93E82944860E00A374DA /* Music */ = {
			isa = PBXGroup;
			children = (
				453F93E92944863C00A374DA /* MusicViewController.swift */,
				453F94042944C1BE00A374DA /* VideoView.swift */,
				450CF23F2944F50A0022BA08 /* VideoTableViewCell.swift */,
				453F93EB294486B000A374DA /* MusicViewModel.swift */,
				453F93ED2944881700A374DA /* Queen.mp3 */,
				453F93EF2944882600A374DA /* Just The Two Of Us.mp3 */,
				453F93F12944883000A374DA /* 09 We Like Songs.mp3 */,
				453F93F32944883B00A374DA /* Chet Faker  - No Diggity Live Sessions.mp3 */,
				453F93F52944884600A374DA /* All I Do (Todd Terje Edit).mp3 */,
			);
			path = Music;
			sourceTree = "<group>";
		};
		453F93F929448E2200A374DA /* Albums */ = {
			isa = PBXGroup;
			children = (
				453F93FB29448E3C00A374DA /* IMG_8282.JPG */,
				453F93FD29448E3E00A374DA /* IMG_8283.JPG */,
				453F93FC29448E3D00A374DA /* IMG_8284.JPG */,
				453F93FA29448E3B00A374DA /* IMG_8285.JPG */,
				453F93FE29448E3F00A374DA /* IMG_8286.JPG */,
			);
			path = Albums;
			sourceTree = "<group>";
		};
		4549A949294798AB005558C3 /* Info */ = {
			isa = PBXGroup;
			children = (
				451FE9532886F4690024A924 /* InfoViewController.swift */,
				4549A9502949411A005558C3 /* InfoTableVIewCell.swift */,
				4549A94A294798E5005558C3 /* InfoViewModel.swift */,
				4549A94E2947E35B005558C3 /* InfoNetworkManager.swift */,
			);
			path = Info;
			sourceTree = "<group>";
		};
		4578B99629E0723500720FD7 /* NavigationTests */ = {
			isa = PBXGroup;
			children = (
				4578B99729E0723500720FD7 /* LoginViewModelTests.swift */,
			);
			path = NavigationTests;
			sourceTree = "<group>";
		};
		4578B99E29E1BE1700720FD7 /* Frameworks */ = {
			isa = PBXGroup;
			children = (
			);
			name = Frameworks;
			sourceTree = "<group>";
		};
		45D4D3B92969DBB80006512C /* Like */ = {
			isa = PBXGroup;
			children = (
				45D4D3BC2969DD5E0006512C /* LikeViewController.swift */,
				45D4D3C02969E3E30006512C /* LikeTableViewCell.swift */,
				45D4D3BE2969DDCF0006512C /* LikeViewModel.swift */,
				45D4D3C2296A22B40006512C /* LikeData.xcdatamodeld */,
				45D4D3C5296A262E0006512C /* CoreDataManager.swift */,
				45D4D3C7296B1FAF0006512C /* ExtensionLike.swift */,
			);
			path = Like;
			sourceTree = "<group>";
		};
		45EF991A2922F38F00AC3AF6 /* Login */ = {
			isa = PBXGroup;
			children = (
				45832A3E289971D7005C65C2 /* LoginViewController.swift */,
				4516B4032963AB4D00FB0358 /* RealmService.swift */,
				45A685BB2967856D0052FCD5 /* RealmLoginModel.swift */,
				4578B9A529E3110A00720FD7 /* LocalAuthorizationService.swift */,
				45AEBC70294BCF0000C4A7A2 /* CheckService.swift */,
				45AEBC72294CA82B00C4A7A2 /* RegisterViewController.swift */,
				4556F8B0293987EE00EF2AA9 /* BrutForce.swift */,
				45EF991B2922F3C700AC3AF6 /* LoginViewModel.swift */,
				455C90392907381000A608C8 /* LoginModel.swift */,
			);
			path = Login;
			sourceTree = "<group>";
		};
		45EF9923292849E400AC3AF6 /* Photos */ = {
			isa = PBXGroup;
			children = (
				457AA3A828AC415400BFB8A9 /* PhotosViewController.swift */,
				455CCAC428AD81D7005590E2 /* PhotosCollectionViewCell.swift */,
				457AA3A628AC3CB600BFB8A9 /* Photos.swift */,
				458F2655291188B60098C7EF /* ImageManager.swift */,
			);
			path = Photos;
			sourceTree = "<group>";
		};
/* End PBXGroup section */

/* Begin PBXNativeTarget section */
		451FE9352880BA240024A924 /* Navigation */ = {
			isa = PBXNativeTarget;
			buildConfigurationList = 451FE94A2880BA270024A924 /* Build configuration list for PBXNativeTarget "Navigation" */;
			buildPhases = (
				451FE9322880BA240024A924 /* Sources */,
				451FE9332880BA240024A924 /* Frameworks */,
				451FE9342880BA240024A924 /* Resources */,
				45FA849F28F8CCF300F71E79 /* Embed Frameworks */,
			);
			buildRules = (
			);
			dependencies = (
			);
			name = Navigation;
			packageProductDependencies = (
				4545DFC0291DBB9700F2BA9B /* iOSIntPackage */,
				45378B1B294D2C41004900B6 /* FirebaseAuth */,
				45378B1D294D2C41004900B6 /* FirebaseDatabase */,
				45A6859F29647EA70052FCD5 /* Realm */,
				45A685A129647EA70052FCD5 /* RealmSwift */,
				45BE242929882F5200111720 /* KeychainAccess */,
			);
			productName = Navigation;
			productReference = 451FE9362880BA240024A924 /* Navigation.app */;
			productType = "com.apple.product-type.application";
		};
		4578B99429E0723500720FD7 /* NavigationTests */ = {
			isa = PBXNativeTarget;
			buildConfigurationList = 4578B99D29E0723600720FD7 /* Build configuration list for PBXNativeTarget "NavigationTests" */;
			buildPhases = (
				4578B99129E0723500720FD7 /* Sources */,
				4578B99229E0723500720FD7 /* Frameworks */,
				4578B99329E0723500720FD7 /* Resources */,
			);
			buildRules = (
			);
			dependencies = (
				4578B99A29E0723500720FD7 /* PBXTargetDependency */,
			);
			name = NavigationTests;
			packageProductDependencies = (
				4578B99F29E1BE1700720FD7 /* Realm */,
				4578B9A129E1BEB700720FD7 /* FirebaseDatabase */,
			);
			productName = NavigationTests;
			productReference = 4578B99529E0723500720FD7 /* NavigationTests.xctest */;
			productType = "com.apple.product-type.bundle.unit-test";
		};
/* End PBXNativeTarget section */

/* Begin PBXProject section */
		451FE92E2880BA240024A924 /* Project object */ = {
			isa = PBXProject;
			attributes = {
				BuildIndependentTargetsInParallel = 1;
				LastSwiftUpdateCheck = 1410;
				LastUpgradeCheck = 1340;
				TargetAttributes = {
					451FE9352880BA240024A924 = {
						CreatedOnToolsVersion = 13.4.1;
					};
					4578B99429E0723500720FD7 = {
						CreatedOnToolsVersion = 14.1;
						TestTargetID = 451FE9352880BA240024A924;
					};
				};
			};
			buildConfigurationList = 451FE9312880BA240024A924 /* Build configuration list for PBXProject "Navigation" */;
			compatibilityVersion = "Xcode 13.0";
			developmentRegion = en;
			hasScannedForEncodings = 0;
			knownRegions = (
				en,
				Base,
				ru,
			);
			mainGroup = 451FE92D2880BA240024A924;
			packageReferences = (
				4545DFBF291DBB9700F2BA9B /* XCRemoteSwiftPackageReference "iOSIntPackage" */,
				45378B1A294D2C41004900B6 /* XCRemoteSwiftPackageReference "firebase-ios-sdk" */,
				45A6859E29647EA70052FCD5 /* XCRemoteSwiftPackageReference "realm-swift" */,
				45BE242829882F5100111720 /* XCRemoteSwiftPackageReference "KeychainAccess" */,
			);
			productRefGroup = 451FE9372880BA240024A924 /* Products */;
			projectDirPath = "";
			projectRoot = "";
			targets = (
				451FE9352880BA240024A924 /* Navigation */,
				4578B99429E0723500720FD7 /* NavigationTests */,
			);
		};
/* End PBXProject section */

/* Begin PBXResourcesBuildPhase section */
		451FE9342880BA240024A924 /* Resources */ = {
			isa = PBXResourcesBuildPhase;
			buildActionMask = 2147483647;
			files = (
				4529CF4D29B7F3D0001C6AD3 /* Localizable.strings in Resources */,
				451FE9462880BA270024A924 /* LaunchScreen.storyboard in Resources */,
				45F469E529B7B57A00788D1F /* InfoPlist.strings in Resources */,
				453F940129448E3F00A374DA /* IMG_8284.JPG in Resources */,
				45AEBC6C294BC21900C4A7A2 /* GoogleService-Info.plist in Resources */,
				451FE9432880BA270024A924 /* Assets.xcassets in Resources */,
				453F940229448E3F00A374DA /* IMG_8283.JPG in Resources */,
				453F93F62944884600A374DA /* All I Do (Todd Terje Edit).mp3 in Resources */,
				453F940329448E3F00A374DA /* IMG_8286.JPG in Resources */,
				453F93EE2944881700A374DA /* Queen.mp3 in Resources */,
				453F93F22944883000A374DA /* 09 We Like Songs.mp3 in Resources */,
				4529CF5329B8FDE3001C6AD3 /* Localizable.stringsdict in Resources */,
				45832A43289C3B50005C65C2 /* Blue_pixel.png in Resources */,
				453F93FF29448E3F00A374DA /* IMG_8285.JPG in Resources */,
				453F93F02944882600A374DA /* Just The Two Of Us.mp3 in Resources */,
				45832A412899C067005C65C2 /* logo.png in Resources */,
				453F93F42944883B00A374DA /* Chet Faker  - No Diggity Live Sessions.mp3 in Resources */,
				453F940029448E3F00A374DA /* IMG_8282.JPG in Resources */,
			);
			runOnlyForDeploymentPostprocessing = 0;
		};
		4578B99329E0723500720FD7 /* Resources */ = {
			isa = PBXResourcesBuildPhase;
			buildActionMask = 2147483647;
			files = (
			);
			runOnlyForDeploymentPostprocessing = 0;
		};
/* End PBXResourcesBuildPhase section */

/* Begin PBXSourcesBuildPhase section */
		451FE9322880BA240024A924 /* Sources */ = {
			isa = PBXSourcesBuildPhase;
			buildActionMask = 2147483647;
			files = (
				457AA3A728AC3CB600BFB8A9 /* Photos.swift in Sources */,
				45AEBC73294CA82B00C4A7A2 /* RegisterViewController.swift in Sources */,
				4549A9512949411B005558C3 /* InfoTableVIewCell.swift in Sources */,
				453F94052944C1BE00A374DA /* VideoView.swift in Sources */,
				455C903A2907381000A608C8 /* LoginModel.swift in Sources */,
				4516B4042963AB4D00FB0358 /* RealmService.swift in Sources */,
				451351FE291F00F3007C7BC5 /* LoginCoordinator.swift in Sources */,
				45D4D3BB2969DCE70006512C /* LikeCoordinator.swift in Sources */,
				455CCAC528AD81D7005590E2 /* PhotosCollectionViewCell.swift in Sources */,
				45135200291F11EC007C7BC5 /* FeedCoordinator.swift in Sources */,
				451351FC291F0052007C7BC5 /* TabBarController.swift in Sources */,
				452D9D0F29D1CF7C00BE0BE0 /* Color.swift in Sources */,
				457AA3A928AC415400BFB8A9 /* PhotosViewController.swift in Sources */,
				45CF81C628A2597A006F6960 /* PostTableViewCell.swift in Sources */,
				45EF992229270A0C00AC3AF6 /* ProfileCoordinator.swift in Sources */,
				453F93EC294486B000A374DA /* MusicViewModel.swift in Sources */,
				45EF991C2922F3C700AC3AF6 /* LoginViewModel.swift in Sources */,
				4529EE5229AE2CA4005ECC69 /* AnyLocations.swift in Sources */,
				4549A94F2947E35B005558C3 /* InfoNetworkManager.swift in Sources */,
				451351F2291EEC64007C7BC5 /* Coordinatable.swift in Sources */,
				451FE93A2880BA240024A924 /* AppDelegate.swift in Sources */,
				4549A94D29479941005558C3 /* InfoCoordinator.swift in Sources */,
				451351F0291EEC0A007C7BC5 /* AppCoordinator.swift in Sources */,
				451FE94E2880C5620024A924 /* FeedViewController.swift in Sources */,
				45A1FDEF291BD1C4000F3320 /* CustomButton.swift in Sources */,
				45D4D3BD2969DD5E0006512C /* LikeViewController.swift in Sources */,
				450CF2402944F50A0022BA08 /* VideoTableViewCell.swift in Sources */,
				458CD4012901FFB10059BA45 /* CurrentUserService.swift in Sources */,
				45378B19294D29BF004900B6 /* Post.swift in Sources */,
				45AEBC71294BCF0000C4A7A2 /* CheckService.swift in Sources */,
				45D4D3BF2969DDCF0006512C /* LikeViewModel.swift in Sources */,
				4549A948294631F4005558C3 /* NetworkManager.swift in Sources */,
				4556F8B1293987EE00EF2AA9 /* BrutForce.swift in Sources */,
				457AA3A528A9855900BFB8A9 /* PhotosTableViewCell.swift in Sources */,
				451FE95228834D240024A924 /* ProfileViewController.swift in Sources */,
				45EF991E292661E400AC3AF6 /* ProfileView.swift in Sources */,
				453F93EA2944863C00A374DA /* MusicViewController.swift in Sources */,
				458F2656291188B60098C7EF /* ImageManager.swift in Sources */,
				45A685BC2967856D0052FCD5 /* RealmLoginModel.swift in Sources */,
				459B5DD0290D5FA80046160C /* LoginFactory.swift in Sources */,
				451FE93C2880BA240024A924 /* SceneDelegate.swift in Sources */,
				4549A94B294798E5005558C3 /* InfoViewModel.swift in Sources */,
				451351F9291EF2BC007C7BC5 /* Module.swift in Sources */,
				453F93F8294489F900A374DA /* MusicCoordinator.swift in Sources */,
				45D4D3C8296B1FAF0006512C /* ExtensionLike.swift in Sources */,
				45832A3F289971D7005C65C2 /* LoginViewController.swift in Sources */,
				451FE9542886F4690024A924 /* InfoViewController.swift in Sources */,
				4529CF4A29B7F370001C6AD3 /* String.swift in Sources */,
				451351F5291EEE19007C7BC5 /* AppFactory.swift in Sources */,
				45C7A21F29059031008C08CD /* TestUserService.swift in Sources */,
				45D4D3C6296A262E0006512C /* CoreDataManager.swift in Sources */,
				455CCAC728B570B7005590E2 /* AvatarView.swift in Sources */,
				451C88BF29A63D6300F91C8D /* MapViewController.swift in Sources */,
				45D4D3C4296A22B40006512C /* LikeData.xcdatamodeld in Sources */,
				451FE9502880CB8A0024A924 /* PostViewController.swift in Sources */,
				45D4D3C12969E3E30006512C /* LikeTableViewCell.swift in Sources */,
				4588176E291BFA56000693BA /* FeedModel.swift in Sources */,
				4578B9A629E3110A00720FD7 /* LocalAuthorizationService.swift in Sources */,
			);
			runOnlyForDeploymentPostprocessing = 0;
		};
		4578B99129E0723500720FD7 /* Sources */ = {
			isa = PBXSourcesBuildPhase;
			buildActionMask = 2147483647;
			files = (
				4578B99829E0723500720FD7 /* LoginViewModelTests.swift in Sources */,
			);
			runOnlyForDeploymentPostprocessing = 0;
		};
/* End PBXSourcesBuildPhase section */

/* Begin PBXTargetDependency section */
		4578B99A29E0723500720FD7 /* PBXTargetDependency */ = {
			isa = PBXTargetDependency;
			target = 451FE9352880BA240024A924 /* Navigation */;
			targetProxy = 4578B99929E0723500720FD7 /* PBXContainerItemProxy */;
		};
/* End PBXTargetDependency section */

/* Begin PBXVariantGroup section */
		451FE9442880BA270024A924 /* LaunchScreen.storyboard */ = {
			isa = PBXVariantGroup;
			children = (
				451FE9452880BA270024A924 /* Base */,
				45F469D429B7A20E00788D1F /* ru */,
				4529CF4829B7F11D001C6AD3 /* en */,
			);
			name = LaunchScreen.storyboard;
			sourceTree = "<group>";
		};
		4529CF4F29B7F3D0001C6AD3 /* Localizable.strings */ = {
			isa = PBXVariantGroup;
			children = (
				4529CF4E29B7F3D0001C6AD3 /* en */,
				4529CF5029B7F3DE001C6AD3 /* ru */,
			);
			name = Localizable.strings;
			sourceTree = "<group>";
		};
		4529CF5529B8FDE3001C6AD3 /* Localizable.stringsdict */ = {
			isa = PBXVariantGroup;
			children = (
				4529CF5429B8FDE3001C6AD3 /* en */,
				4529CF5629B8FDEA001C6AD3 /* ru */,
			);
			name = Localizable.stringsdict;
			sourceTree = "<group>";
		};
		45F469E729B7B57A00788D1F /* InfoPlist.strings */ = {
			isa = PBXVariantGroup;
			children = (
				45F469E629B7B57A00788D1F /* en */,
				45F469E929B7B5AA00788D1F /* ru */,
			);
			name = InfoPlist.strings;
			sourceTree = "<group>";
		};
/* End PBXVariantGroup section */

/* Begin XCBuildConfiguration section */
		451FE9482880BA270024A924 /* Debug */ = {
			isa = XCBuildConfiguration;
			buildSettings = {
				ALWAYS_SEARCH_USER_PATHS = NO;
				CLANG_ANALYZER_LOCALIZABILITY_NONLOCALIZED = YES;
				CLANG_ANALYZER_NONNULL = YES;
				CLANG_ANALYZER_NUMBER_OBJECT_CONVERSION = YES_AGGRESSIVE;
				CLANG_CXX_LANGUAGE_STANDARD = "gnu++17";
				CLANG_ENABLE_MODULES = YES;
				CLANG_ENABLE_OBJC_ARC = YES;
				CLANG_ENABLE_OBJC_WEAK = YES;
				CLANG_WARN_BLOCK_CAPTURE_AUTORELEASING = YES;
				CLANG_WARN_BOOL_CONVERSION = YES;
				CLANG_WARN_COMMA = YES;
				CLANG_WARN_CONSTANT_CONVERSION = YES;
				CLANG_WARN_DEPRECATED_OBJC_IMPLEMENTATIONS = YES;
				CLANG_WARN_DIRECT_OBJC_ISA_USAGE = YES_ERROR;
				CLANG_WARN_DOCUMENTATION_COMMENTS = YES;
				CLANG_WARN_EMPTY_BODY = YES;
				CLANG_WARN_ENUM_CONVERSION = YES;
				CLANG_WARN_INFINITE_RECURSION = YES;
				CLANG_WARN_INT_CONVERSION = YES;
				CLANG_WARN_NON_LITERAL_NULL_CONVERSION = YES;
				CLANG_WARN_OBJC_IMPLICIT_RETAIN_SELF = YES;
				CLANG_WARN_OBJC_LITERAL_CONVERSION = YES;
				CLANG_WARN_OBJC_ROOT_CLASS = YES_ERROR;
				CLANG_WARN_QUOTED_INCLUDE_IN_FRAMEWORK_HEADER = YES;
				CLANG_WARN_RANGE_LOOP_ANALYSIS = YES;
				CLANG_WARN_STRICT_PROTOTYPES = YES;
				CLANG_WARN_SUSPICIOUS_MOVE = YES;
				CLANG_WARN_UNGUARDED_AVAILABILITY = YES_AGGRESSIVE;
				CLANG_WARN_UNREACHABLE_CODE = YES;
				CLANG_WARN__DUPLICATE_METHOD_MATCH = YES;
				COPY_PHASE_STRIP = NO;
				DEBUG_INFORMATION_FORMAT = dwarf;
				ENABLE_STRICT_OBJC_MSGSEND = YES;
				ENABLE_TESTABILITY = YES;
				GCC_C_LANGUAGE_STANDARD = gnu11;
				GCC_DYNAMIC_NO_PIC = NO;
				GCC_NO_COMMON_BLOCKS = YES;
				GCC_OPTIMIZATION_LEVEL = 0;
				GCC_PREPROCESSOR_DEFINITIONS = (
					"DEBUG=1",
					"$(inherited)",
				);
				GCC_WARN_64_TO_32_BIT_CONVERSION = YES;
				GCC_WARN_ABOUT_RETURN_TYPE = YES_ERROR;
				GCC_WARN_UNDECLARED_SELECTOR = YES;
				GCC_WARN_UNINITIALIZED_AUTOS = YES_AGGRESSIVE;
				GCC_WARN_UNUSED_FUNCTION = YES;
				GCC_WARN_UNUSED_VARIABLE = YES;
				IPHONEOS_DEPLOYMENT_TARGET = 15.5;
				MTL_ENABLE_DEBUG_INFO = INCLUDE_SOURCE;
				MTL_FAST_MATH = YES;
				ONLY_ACTIVE_ARCH = YES;
				SDKROOT = iphoneos;
				SWIFT_ACTIVE_COMPILATION_CONDITIONS = DEBUG;
				SWIFT_OPTIMIZATION_LEVEL = "-Onone";
			};
			name = Debug;
		};
		451FE9492880BA270024A924 /* Release */ = {
			isa = XCBuildConfiguration;
			buildSettings = {
				ALWAYS_SEARCH_USER_PATHS = NO;
				CLANG_ANALYZER_LOCALIZABILITY_NONLOCALIZED = YES;
				CLANG_ANALYZER_NONNULL = YES;
				CLANG_ANALYZER_NUMBER_OBJECT_CONVERSION = YES_AGGRESSIVE;
				CLANG_CXX_LANGUAGE_STANDARD = "gnu++17";
				CLANG_ENABLE_MODULES = YES;
				CLANG_ENABLE_OBJC_ARC = YES;
				CLANG_ENABLE_OBJC_WEAK = YES;
				CLANG_WARN_BLOCK_CAPTURE_AUTORELEASING = YES;
				CLANG_WARN_BOOL_CONVERSION = YES;
				CLANG_WARN_COMMA = YES;
				CLANG_WARN_CONSTANT_CONVERSION = YES;
				CLANG_WARN_DEPRECATED_OBJC_IMPLEMENTATIONS = YES;
				CLANG_WARN_DIRECT_OBJC_ISA_USAGE = YES_ERROR;
				CLANG_WARN_DOCUMENTATION_COMMENTS = YES;
				CLANG_WARN_EMPTY_BODY = YES;
				CLANG_WARN_ENUM_CONVERSION = YES;
				CLANG_WARN_INFINITE_RECURSION = YES;
				CLANG_WARN_INT_CONVERSION = YES;
				CLANG_WARN_NON_LITERAL_NULL_CONVERSION = YES;
				CLANG_WARN_OBJC_IMPLICIT_RETAIN_SELF = YES;
				CLANG_WARN_OBJC_LITERAL_CONVERSION = YES;
				CLANG_WARN_OBJC_ROOT_CLASS = YES_ERROR;
				CLANG_WARN_QUOTED_INCLUDE_IN_FRAMEWORK_HEADER = YES;
				CLANG_WARN_RANGE_LOOP_ANALYSIS = YES;
				CLANG_WARN_STRICT_PROTOTYPES = YES;
				CLANG_WARN_SUSPICIOUS_MOVE = YES;
				CLANG_WARN_UNGUARDED_AVAILABILITY = YES_AGGRESSIVE;
				CLANG_WARN_UNREACHABLE_CODE = YES;
				CLANG_WARN__DUPLICATE_METHOD_MATCH = YES;
				COPY_PHASE_STRIP = NO;
				DEBUG_INFORMATION_FORMAT = "dwarf-with-dsym";
				ENABLE_NS_ASSERTIONS = NO;
				ENABLE_STRICT_OBJC_MSGSEND = YES;
				GCC_C_LANGUAGE_STANDARD = gnu11;
				GCC_NO_COMMON_BLOCKS = YES;
				GCC_WARN_64_TO_32_BIT_CONVERSION = YES;
				GCC_WARN_ABOUT_RETURN_TYPE = YES_ERROR;
				GCC_WARN_UNDECLARED_SELECTOR = YES;
				GCC_WARN_UNINITIALIZED_AUTOS = YES_AGGRESSIVE;
				GCC_WARN_UNUSED_FUNCTION = YES;
				GCC_WARN_UNUSED_VARIABLE = YES;
				IPHONEOS_DEPLOYMENT_TARGET = 15.5;
				MTL_ENABLE_DEBUG_INFO = NO;
				MTL_FAST_MATH = YES;
				SDKROOT = iphoneos;
				SWIFT_COMPILATION_MODE = wholemodule;
				SWIFT_OPTIMIZATION_LEVEL = "-O";
				VALIDATE_PRODUCT = YES;
			};
			name = Release;
		};
		451FE94B2880BA270024A924 /* Debug */ = {
			isa = XCBuildConfiguration;
			buildSettings = {
				ASSETCATALOG_COMPILER_APPICON_NAME = AppIcon;
				ASSETCATALOG_COMPILER_GLOBAL_ACCENT_COLOR_NAME = AccentColor;
				CODE_SIGN_STYLE = Automatic;
				CURRENT_PROJECT_VERSION = 1;
				DEVELOPMENT_TEAM = JZPU7337NX;
				GENERATE_INFOPLIST_FILE = YES;
				INFOPLIST_FILE = Navigation/Info.plist;
				INFOPLIST_KEY_NSFaceIDUsageDescription = "Использовать FaceID для входа в приложение?";
				INFOPLIST_KEY_NSLocationWhenInUseUsageDescription = fdghfujfj;
				INFOPLIST_KEY_UIApplicationSupportsIndirectInputEvents = YES;
				INFOPLIST_KEY_UILaunchStoryboardName = LaunchScreen;
				INFOPLIST_KEY_UISupportedInterfaceOrientations_iPad = "UIInterfaceOrientationPortrait UIInterfaceOrientationPortraitUpsideDown UIInterfaceOrientationLandscapeLeft UIInterfaceOrientationLandscapeRight";
				INFOPLIST_KEY_UISupportedInterfaceOrientations_iPhone = "UIInterfaceOrientationPortrait UIInterfaceOrientationLandscapeLeft UIInterfaceOrientationLandscapeRight";
				LD_RUNPATH_SEARCH_PATHS = (
					"$(inherited)",
					"@executable_path/Frameworks",
				);
				MARKETING_VERSION = 1.0;
				PRODUCT_BUNDLE_IDENTIFIER = "Roman-Vronsky.Navigation";
				PRODUCT_NAME = "$(TARGET_NAME)";
				SWIFT_EMIT_LOC_STRINGS = YES;
				SWIFT_VERSION = 5.0;
				TARGETED_DEVICE_FAMILY = "1,2";
			};
			name = Debug;
		};
		451FE94C2880BA270024A924 /* Release */ = {
			isa = XCBuildConfiguration;
			buildSettings = {
				ASSETCATALOG_COMPILER_APPICON_NAME = AppIcon;
				ASSETCATALOG_COMPILER_GLOBAL_ACCENT_COLOR_NAME = AccentColor;
				CODE_SIGN_STYLE = Automatic;
				CURRENT_PROJECT_VERSION = 1;
				DEVELOPMENT_TEAM = JZPU7337NX;
				GENERATE_INFOPLIST_FILE = YES;
				INFOPLIST_FILE = Navigation/Info.plist;
				INFOPLIST_KEY_NSFaceIDUsageDescription = "Использовать FaceID для входа в приложение?";
				INFOPLIST_KEY_NSLocationWhenInUseUsageDescription = fdghfujfj;
				INFOPLIST_KEY_UIApplicationSupportsIndirectInputEvents = YES;
				INFOPLIST_KEY_UILaunchStoryboardName = LaunchScreen;
				INFOPLIST_KEY_UISupportedInterfaceOrientations_iPad = "UIInterfaceOrientationPortrait UIInterfaceOrientationPortraitUpsideDown UIInterfaceOrientationLandscapeLeft UIInterfaceOrientationLandscapeRight";
				INFOPLIST_KEY_UISupportedInterfaceOrientations_iPhone = "UIInterfaceOrientationPortrait UIInterfaceOrientationLandscapeLeft UIInterfaceOrientationLandscapeRight";
				LD_RUNPATH_SEARCH_PATHS = (
					"$(inherited)",
					"@executable_path/Frameworks",
				);
				MARKETING_VERSION = 1.0;
				PRODUCT_BUNDLE_IDENTIFIER = "Roman-Vronsky.Navigation";
				PRODUCT_NAME = "$(TARGET_NAME)";
				SWIFT_EMIT_LOC_STRINGS = YES;
				SWIFT_VERSION = 5.0;
				TARGETED_DEVICE_FAMILY = "1,2";
			};
			name = Release;
		};
		4578B99B29E0723600720FD7 /* Debug */ = {
			isa = XCBuildConfiguration;
			buildSettings = {
				BUNDLE_LOADER = "$(TEST_HOST)";
				CLANG_CXX_LANGUAGE_STANDARD = "gnu++20";
				CODE_SIGN_STYLE = Automatic;
				CURRENT_PROJECT_VERSION = 1;
				DEVELOPMENT_TEAM = JZPU7337NX;
				GENERATE_INFOPLIST_FILE = YES;
				IPHONEOS_DEPLOYMENT_TARGET = 16.1;
				MARKETING_VERSION = 1.0;
				PRODUCT_BUNDLE_IDENTIFIER = "Roman-Vronsky.NavigationTests";
				PRODUCT_NAME = "$(TARGET_NAME)";
				SWIFT_EMIT_LOC_STRINGS = NO;
				SWIFT_VERSION = 5.0;
				TARGETED_DEVICE_FAMILY = "1,2";
				TEST_HOST = "$(BUILT_PRODUCTS_DIR)/Navigation.app/$(BUNDLE_EXECUTABLE_FOLDER_PATH)/Navigation";
			};
			name = Debug;
		};
		4578B99C29E0723600720FD7 /* Release */ = {
			isa = XCBuildConfiguration;
			buildSettings = {
				BUNDLE_LOADER = "$(TEST_HOST)";
				CLANG_CXX_LANGUAGE_STANDARD = "gnu++20";
				CODE_SIGN_STYLE = Automatic;
				CURRENT_PROJECT_VERSION = 1;
				DEVELOPMENT_TEAM = JZPU7337NX;
				GENERATE_INFOPLIST_FILE = YES;
				IPHONEOS_DEPLOYMENT_TARGET = 16.1;
				MARKETING_VERSION = 1.0;
				PRODUCT_BUNDLE_IDENTIFIER = "Roman-Vronsky.NavigationTests";
				PRODUCT_NAME = "$(TARGET_NAME)";
				SWIFT_EMIT_LOC_STRINGS = NO;
				SWIFT_VERSION = 5.0;
				TARGETED_DEVICE_FAMILY = "1,2";
				TEST_HOST = "$(BUILT_PRODUCTS_DIR)/Navigation.app/$(BUNDLE_EXECUTABLE_FOLDER_PATH)/Navigation";
			};
			name = Release;
		};
/* End XCBuildConfiguration section */

/* Begin XCConfigurationList section */
		451FE9312880BA240024A924 /* Build configuration list for PBXProject "Navigation" */ = {
			isa = XCConfigurationList;
			buildConfigurations = (
				451FE9482880BA270024A924 /* Debug */,
				451FE9492880BA270024A924 /* Release */,
			);
			defaultConfigurationIsVisible = 0;
			defaultConfigurationName = Release;
		};
		451FE94A2880BA270024A924 /* Build configuration list for PBXNativeTarget "Navigation" */ = {
			isa = XCConfigurationList;
			buildConfigurations = (
				451FE94B2880BA270024A924 /* Debug */,
				451FE94C2880BA270024A924 /* Release */,
			);
			defaultConfigurationIsVisible = 0;
			defaultConfigurationName = Release;
		};
		4578B99D29E0723600720FD7 /* Build configuration list for PBXNativeTarget "NavigationTests" */ = {
			isa = XCConfigurationList;
			buildConfigurations = (
				4578B99B29E0723600720FD7 /* Debug */,
				4578B99C29E0723600720FD7 /* Release */,
			);
			defaultConfigurationIsVisible = 0;
			defaultConfigurationName = Release;
		};
/* End XCConfigurationList section */

/* Begin XCRemoteSwiftPackageReference section */
		45378B1A294D2C41004900B6 /* XCRemoteSwiftPackageReference "firebase-ios-sdk" */ = {
			isa = XCRemoteSwiftPackageReference;
			repositoryURL = "https://github.com/firebase/firebase-ios-sdk.git";
			requirement = {
				branch = master;
				kind = branch;
			};
		};
		4545DFBF291DBB9700F2BA9B /* XCRemoteSwiftPackageReference "iOSIntPackage" */ = {
			isa = XCRemoteSwiftPackageReference;
			repositoryURL = "https://github.com/TrueMax/iOSIntPackage.git";
			requirement = {
				kind = upToNextMajorVersion;
				minimumVersion = 3.2.3;
			};
		};
		45A6859E29647EA70052FCD5 /* XCRemoteSwiftPackageReference "realm-swift" */ = {
			isa = XCRemoteSwiftPackageReference;
			repositoryURL = "https://github.com/realm/realm-swift.git";
			requirement = {
				kind = upToNextMajorVersion;
				minimumVersion = 10.27.0;
			};
		};
		45BE242829882F5100111720 /* XCRemoteSwiftPackageReference "KeychainAccess" */ = {
			isa = XCRemoteSwiftPackageReference;
			repositoryURL = "https://github.com/kishikawakatsumi/KeychainAccess";
			requirement = {
				branch = master;
				kind = branch;
			};
		};
/* End XCRemoteSwiftPackageReference section */

/* Begin XCSwiftPackageProductDependency section */
		45378B1B294D2C41004900B6 /* FirebaseAuth */ = {
			isa = XCSwiftPackageProductDependency;
			package = 45378B1A294D2C41004900B6 /* XCRemoteSwiftPackageReference "firebase-ios-sdk" */;
			productName = FirebaseAuth;
		};
		45378B1D294D2C41004900B6 /* FirebaseDatabase */ = {
			isa = XCSwiftPackageProductDependency;
			package = 45378B1A294D2C41004900B6 /* XCRemoteSwiftPackageReference "firebase-ios-sdk" */;
			productName = FirebaseDatabase;
		};
		4545DFC0291DBB9700F2BA9B /* iOSIntPackage */ = {
			isa = XCSwiftPackageProductDependency;
			package = 4545DFBF291DBB9700F2BA9B /* XCRemoteSwiftPackageReference "iOSIntPackage" */;
			productName = iOSIntPackage;
		};
		4578B99F29E1BE1700720FD7 /* Realm */ = {
			isa = XCSwiftPackageProductDependency;
			package = 45A6859E29647EA70052FCD5 /* XCRemoteSwiftPackageReference "realm-swift" */;
			productName = Realm;
		};
		4578B9A129E1BEB700720FD7 /* FirebaseDatabase */ = {
			isa = XCSwiftPackageProductDependency;
			package = 45378B1A294D2C41004900B6 /* XCRemoteSwiftPackageReference "firebase-ios-sdk" */;
			productName = FirebaseDatabase;
		};
		45A6859F29647EA70052FCD5 /* Realm */ = {
			isa = XCSwiftPackageProductDependency;
			package = 45A6859E29647EA70052FCD5 /* XCRemoteSwiftPackageReference "realm-swift" */;
			productName = Realm;
		};
		45A685A129647EA70052FCD5 /* RealmSwift */ = {
			isa = XCSwiftPackageProductDependency;
			package = 45A6859E29647EA70052FCD5 /* XCRemoteSwiftPackageReference "realm-swift" */;
			productName = RealmSwift;
		};
		45BE242929882F5200111720 /* KeychainAccess */ = {
			isa = XCSwiftPackageProductDependency;
			package = 45BE242829882F5100111720 /* XCRemoteSwiftPackageReference "KeychainAccess" */;
			productName = KeychainAccess;
		};
/* End XCSwiftPackageProductDependency section */

/* Begin XCVersionGroup section */
		45D4D3C2296A22B40006512C /* LikeData.xcdatamodeld */ = {
			isa = XCVersionGroup;
			children = (
				45D4D3C3296A22B40006512C /* LikeData.xcdatamodel */,
			);
			currentVersion = 45D4D3C3296A22B40006512C /* LikeData.xcdatamodel */;
			path = LikeData.xcdatamodeld;
			sourceTree = "<group>";
			versionGroupType = wrapper.xcdatamodel;
		};
/* End XCVersionGroup section */
	};
	rootObject = 451FE92E2880BA240024A924 /* Project object */;
}
