// !$*UTF8*$!
{
	archiveVersion = 1;
	classes = {
	};
	objectVersion = 55;
	objects = {

/* Begin PBXBuildFile section */
		451FE93A2880BA240024A924 /* AppDelegate.swift in Sources */ = {isa = PBXBuildFile; fileRef = 451FE9392880BA240024A924 /* AppDelegate.swift */; };
		451FE93C2880BA240024A924 /* SceneDelegate.swift in Sources */ = {isa = PBXBuildFile; fileRef = 451FE93B2880BA240024A924 /* SceneDelegate.swift */; };
		451FE9432880BA270024A924 /* Assets.xcassets in Resources */ = {isa = PBXBuildFile; fileRef = 451FE9422880BA270024A924 /* Assets.xcassets */; };
		451FE9462880BA270024A924 /* LaunchScreen.storyboard in Resources */ = {isa = PBXBuildFile; fileRef = 451FE9442880BA270024A924 /* LaunchScreen.storyboard */; };
		451FE94E2880C5620024A924 /* FeedViewController.swift in Sources */ = {isa = PBXBuildFile; fileRef = 451FE94D2880C5620024A924 /* FeedViewController.swift */; };
		451FE9502880CB8A0024A924 /* PostViewController.swift in Sources */ = {isa = PBXBuildFile; fileRef = 451FE94F2880CB8A0024A924 /* PostViewController.swift */; };
		451FE95228834D240024A924 /* ProfileViewController.swift in Sources */ = {isa = PBXBuildFile; fileRef = 451FE95128834D240024A924 /* ProfileViewController.swift */; };
		451FE9542886F4690024A924 /* InfoViewController.swift in Sources */ = {isa = PBXBuildFile; fileRef = 451FE9532886F4690024A924 /* InfoViewController.swift */; };
		451FE959288C5B1B0024A924 /* ProfileTableHeaderView.swift in Sources */ = {isa = PBXBuildFile; fileRef = 451FE958288C5B1B0024A924 /* ProfileTableHeaderView.swift */; };
		455CCAC528AD81D7005590E2 /* PhotosCollectionViewCell.swift in Sources */ = {isa = PBXBuildFile; fileRef = 455CCAC428AD81D7005590E2 /* PhotosCollectionViewCell.swift */; };
		455CCAC728B570B7005590E2 /* AvatarView.swift in Sources */ = {isa = PBXBuildFile; fileRef = 455CCAC628B570B7005590E2 /* AvatarView.swift */; };
		457AA3A528A9855900BFB8A9 /* PhotosTableViewCell.swift in Sources */ = {isa = PBXBuildFile; fileRef = 457AA3A428A9855900BFB8A9 /* PhotosTableViewCell.swift */; };
		457AA3A728AC3CB600BFB8A9 /* Photos.swift in Sources */ = {isa = PBXBuildFile; fileRef = 457AA3A628AC3CB600BFB8A9 /* Photos.swift */; };
		457AA3A928AC415400BFB8A9 /* PhotosViewController.swift in Sources */ = {isa = PBXBuildFile; fileRef = 457AA3A828AC415400BFB8A9 /* PhotosViewController.swift */; };
		45832A3F289971D7005C65C2 /* LogInViewController.swift in Sources */ = {isa = PBXBuildFile; fileRef = 45832A3E289971D7005C65C2 /* LogInViewController.swift */; };
		45832A412899C067005C65C2 /* logo.png in Resources */ = {isa = PBXBuildFile; fileRef = 45832A402899C067005C65C2 /* logo.png */; };
		45832A43289C3B50005C65C2 /* Blue_pixel.png in Resources */ = {isa = PBXBuildFile; fileRef = 45832A42289C3B50005C65C2 /* Blue_pixel.png */; };
		458A606328FC99DD00566567 /* iOSIntPackage in Frameworks */ = {isa = PBXBuildFile; productRef = 458A606228FC99DD00566567 /* iOSIntPackage */; };
		45CF81C628A2597A006F6960 /* PostTableViewCell.swift in Sources */ = {isa = PBXBuildFile; fileRef = 45CF81C528A2597A006F6960 /* PostTableViewCell.swift */; };
		45EC5C3A28FB5771000C44C1 /* Post.swift in Sources */ = {isa = PBXBuildFile; fileRef = 4594EEFA28A0695C000B408C /* Post.swift */; };
		45FA848C28F8CCF200F71E79 /* StorageService.docc in Sources */ = {isa = PBXBuildFile; fileRef = 45FA848B28F8CCF200F71E79 /* StorageService.docc */; };
		45FA849228F8CCF300F71E79 /* StorageService.framework in Frameworks */ = {isa = PBXBuildFile; fileRef = 45FA848828F8CCF200F71E79 /* StorageService.framework */; };
		45FA849928F8CCF300F71E79 /* StorageServiceTests.swift in Sources */ = {isa = PBXBuildFile; fileRef = 45FA849828F8CCF300F71E79 /* StorageServiceTests.swift */; };
		45FA849A28F8CCF300F71E79 /* StorageService.h in Headers */ = {isa = PBXBuildFile; fileRef = 45FA848A28F8CCF200F71E79 /* StorageService.h */; settings = {ATTRIBUTES = (Public, ); }; };
		45FA849D28F8CCF300F71E79 /* StorageService.framework in Frameworks */ = {isa = PBXBuildFile; fileRef = 45FA848828F8CCF200F71E79 /* StorageService.framework */; };
		45FA849E28F8CCF300F71E79 /* StorageService.framework in Embed Frameworks */ = {isa = PBXBuildFile; fileRef = 45FA848828F8CCF200F71E79 /* StorageService.framework */; settings = {ATTRIBUTES = (CodeSignOnCopy, RemoveHeadersOnCopy, ); }; };
		45FA84A728F8CD3D00F71E79 /* Post.swift in Sources */ = {isa = PBXBuildFile; fileRef = 4594EEFA28A0695C000B408C /* Post.swift */; };
		9849123DB23EF2A73D95C6DC /* Pods_StorageService_StorageServiceTests.framework in Frameworks */ = {isa = PBXBuildFile; fileRef = C38D452222B8A5114242FFDC /* Pods_StorageService_StorageServiceTests.framework */; };
		DCCF91FA40592C83C0720B8B /* Pods_Navigation.framework in Frameworks */ = {isa = PBXBuildFile; fileRef = 98C527F598F99A339224DA3E /* Pods_Navigation.framework */; };
		F8E5ECD70FC646094BFBE378 /* Pods_StorageService.framework in Frameworks */ = {isa = PBXBuildFile; fileRef = 07D975C950EFD15292FD7F63 /* Pods_StorageService.framework */; };
/* End PBXBuildFile section */

/* Begin PBXContainerItemProxy section */
		45FA849328F8CCF300F71E79 /* PBXContainerItemProxy */ = {
			isa = PBXContainerItemProxy;
			containerPortal = 451FE92E2880BA240024A924 /* Project object */;
			proxyType = 1;
			remoteGlobalIDString = 45FA848728F8CCF200F71E79;
			remoteInfo = StorageService;
		};
		45FA849528F8CCF300F71E79 /* PBXContainerItemProxy */ = {
			isa = PBXContainerItemProxy;
			containerPortal = 451FE92E2880BA240024A924 /* Project object */;
			proxyType = 1;
			remoteGlobalIDString = 451FE9352880BA240024A924;
			remoteInfo = Navigation;
		};
		45FA849B28F8CCF300F71E79 /* PBXContainerItemProxy */ = {
			isa = PBXContainerItemProxy;
			containerPortal = 451FE92E2880BA240024A924 /* Project object */;
			proxyType = 1;
			remoteGlobalIDString = 45FA848728F8CCF200F71E79;
			remoteInfo = StorageService;
		};
/* End PBXContainerItemProxy section */

/* Begin PBXCopyFilesBuildPhase section */
		45FA849F28F8CCF300F71E79 /* Embed Frameworks */ = {
			isa = PBXCopyFilesBuildPhase;
			buildActionMask = 2147483647;
			dstPath = "";
			dstSubfolderSpec = 10;
			files = (
				45FA849E28F8CCF300F71E79 /* StorageService.framework in Embed Frameworks */,
			);
			name = "Embed Frameworks";
			runOnlyForDeploymentPostprocessing = 0;
		};
/* End PBXCopyFilesBuildPhase section */

/* Begin PBXFileReference section */
		07D975C950EFD15292FD7F63 /* Pods_StorageService.framework */ = {isa = PBXFileReference; explicitFileType = wrapper.framework; includeInIndex = 0; path = Pods_StorageService.framework; sourceTree = BUILT_PRODUCTS_DIR; };
		139F032780894E5E28D174E0 /* Pods-StorageService-StorageServiceTests.release.xcconfig */ = {isa = PBXFileReference; includeInIndex = 1; lastKnownFileType = text.xcconfig; name = "Pods-StorageService-StorageServiceTests.release.xcconfig"; path = "Target Support Files/Pods-StorageService-StorageServiceTests/Pods-StorageService-StorageServiceTests.release.xcconfig"; sourceTree = "<group>"; };
		3FAFBF6A58B4EB9DFE583705 /* Pods-Navigation.debug.xcconfig */ = {isa = PBXFileReference; includeInIndex = 1; lastKnownFileType = text.xcconfig; name = "Pods-Navigation.debug.xcconfig"; path = "Target Support Files/Pods-Navigation/Pods-Navigation.debug.xcconfig"; sourceTree = "<group>"; };
		451FE9362880BA240024A924 /* Navigation.app */ = {isa = PBXFileReference; explicitFileType = wrapper.application; includeInIndex = 0; path = Navigation.app; sourceTree = BUILT_PRODUCTS_DIR; };
		451FE9392880BA240024A924 /* AppDelegate.swift */ = {isa = PBXFileReference; lastKnownFileType = sourcecode.swift; path = AppDelegate.swift; sourceTree = "<group>"; };
		451FE93B2880BA240024A924 /* SceneDelegate.swift */ = {isa = PBXFileReference; lastKnownFileType = sourcecode.swift; path = SceneDelegate.swift; sourceTree = "<group>"; };
		451FE9422880BA270024A924 /* Assets.xcassets */ = {isa = PBXFileReference; lastKnownFileType = folder.assetcatalog; path = Assets.xcassets; sourceTree = "<group>"; };
		451FE9452880BA270024A924 /* Base */ = {isa = PBXFileReference; lastKnownFileType = file.storyboard; name = Base; path = Base.lproj/LaunchScreen.storyboard; sourceTree = "<group>"; };
		451FE9472880BA270024A924 /* Info.plist */ = {isa = PBXFileReference; lastKnownFileType = text.plist.xml; path = Info.plist; sourceTree = "<group>"; };
		451FE94D2880C5620024A924 /* FeedViewController.swift */ = {isa = PBXFileReference; lastKnownFileType = sourcecode.swift; path = FeedViewController.swift; sourceTree = "<group>"; };
		451FE94F2880CB8A0024A924 /* PostViewController.swift */ = {isa = PBXFileReference; lastKnownFileType = sourcecode.swift; path = PostViewController.swift; sourceTree = "<group>"; };
		451FE95128834D240024A924 /* ProfileViewController.swift */ = {isa = PBXFileReference; lastKnownFileType = sourcecode.swift; name = ProfileViewController.swift; path = Navigation/ProfileViewController.swift; sourceTree = SOURCE_ROOT; };
		451FE9532886F4690024A924 /* InfoViewController.swift */ = {isa = PBXFileReference; lastKnownFileType = sourcecode.swift; path = InfoViewController.swift; sourceTree = "<group>"; };
		451FE958288C5B1B0024A924 /* ProfileTableHeaderView.swift */ = {isa = PBXFileReference; lastKnownFileType = sourcecode.swift; path = ProfileTableHeaderView.swift; sourceTree = "<group>"; };
		455CCAC428AD81D7005590E2 /* PhotosCollectionViewCell.swift */ = {isa = PBXFileReference; lastKnownFileType = sourcecode.swift; path = PhotosCollectionViewCell.swift; sourceTree = "<group>"; };
		455CCAC628B570B7005590E2 /* AvatarView.swift */ = {isa = PBXFileReference; lastKnownFileType = sourcecode.swift; path = AvatarView.swift; sourceTree = "<group>"; };
		457AA3A428A9855900BFB8A9 /* PhotosTableViewCell.swift */ = {isa = PBXFileReference; lastKnownFileType = sourcecode.swift; path = PhotosTableViewCell.swift; sourceTree = "<group>"; };
		457AA3A628AC3CB600BFB8A9 /* Photos.swift */ = {isa = PBXFileReference; lastKnownFileType = sourcecode.swift; path = Photos.swift; sourceTree = "<group>"; };
		457AA3A828AC415400BFB8A9 /* PhotosViewController.swift */ = {isa = PBXFileReference; lastKnownFileType = sourcecode.swift; path = PhotosViewController.swift; sourceTree = "<group>"; };
		45832A3E289971D7005C65C2 /* LogInViewController.swift */ = {isa = PBXFileReference; lastKnownFileType = sourcecode.swift; path = LogInViewController.swift; sourceTree = "<group>"; };
		45832A402899C067005C65C2 /* logo.png */ = {isa = PBXFileReference; lastKnownFileType = image.png; path = logo.png; sourceTree = "<group>"; };
		45832A42289C3B50005C65C2 /* Blue_pixel.png */ = {isa = PBXFileReference; lastKnownFileType = image.png; path = Blue_pixel.png; sourceTree = "<group>"; };
		4594EEFA28A0695C000B408C /* Post.swift */ = {isa = PBXFileReference; lastKnownFileType = sourcecode.swift; path = Post.swift; sourceTree = "<group>"; };
		45CF81C528A2597A006F6960 /* PostTableViewCell.swift */ = {isa = PBXFileReference; lastKnownFileType = sourcecode.swift; path = PostTableViewCell.swift; sourceTree = "<group>"; };
		45FA848828F8CCF200F71E79 /* StorageService.framework */ = {isa = PBXFileReference; explicitFileType = wrapper.framework; includeInIndex = 0; path = StorageService.framework; sourceTree = BUILT_PRODUCTS_DIR; };
		45FA848A28F8CCF200F71E79 /* StorageService.h */ = {isa = PBXFileReference; lastKnownFileType = sourcecode.c.h; path = StorageService.h; sourceTree = "<group>"; };
		45FA848B28F8CCF200F71E79 /* StorageService.docc */ = {isa = PBXFileReference; lastKnownFileType = folder.documentationcatalog; path = StorageService.docc; sourceTree = "<group>"; };
		45FA849128F8CCF300F71E79 /* StorageServiceTests.xctest */ = {isa = PBXFileReference; explicitFileType = wrapper.cfbundle; includeInIndex = 0; path = StorageServiceTests.xctest; sourceTree = BUILT_PRODUCTS_DIR; };
		45FA849828F8CCF300F71E79 /* StorageServiceTests.swift */ = {isa = PBXFileReference; lastKnownFileType = sourcecode.swift; path = StorageServiceTests.swift; sourceTree = "<group>"; };
		4A6763580C1122B2D7EA45B3 /* Pods-StorageService.debug.xcconfig */ = {isa = PBXFileReference; includeInIndex = 1; lastKnownFileType = text.xcconfig; name = "Pods-StorageService.debug.xcconfig"; path = "Target Support Files/Pods-StorageService/Pods-StorageService.debug.xcconfig"; sourceTree = "<group>"; };
		7F22140F3955D08FBE6639A5 /* Pods-StorageService-StorageServiceTests.debug.xcconfig */ = {isa = PBXFileReference; includeInIndex = 1; lastKnownFileType = text.xcconfig; name = "Pods-StorageService-StorageServiceTests.debug.xcconfig"; path = "Target Support Files/Pods-StorageService-StorageServiceTests/Pods-StorageService-StorageServiceTests.debug.xcconfig"; sourceTree = "<group>"; };
		98C527F598F99A339224DA3E /* Pods_Navigation.framework */ = {isa = PBXFileReference; explicitFileType = wrapper.framework; includeInIndex = 0; path = Pods_Navigation.framework; sourceTree = BUILT_PRODUCTS_DIR; };
		C38D452222B8A5114242FFDC /* Pods_StorageService_StorageServiceTests.framework */ = {isa = PBXFileReference; explicitFileType = wrapper.framework; includeInIndex = 0; path = Pods_StorageService_StorageServiceTests.framework; sourceTree = BUILT_PRODUCTS_DIR; };
		D6AC8B82BC5ADBF2B7B08774 /* Pods-Navigation.release.xcconfig */ = {isa = PBXFileReference; includeInIndex = 1; lastKnownFileType = text.xcconfig; name = "Pods-Navigation.release.xcconfig"; path = "Target Support Files/Pods-Navigation/Pods-Navigation.release.xcconfig"; sourceTree = "<group>"; };
		FB9E55C3475636DAF0D4E1BB /* Pods-StorageService.release.xcconfig */ = {isa = PBXFileReference; includeInIndex = 1; lastKnownFileType = text.xcconfig; name = "Pods-StorageService.release.xcconfig"; path = "Target Support Files/Pods-StorageService/Pods-StorageService.release.xcconfig"; sourceTree = "<group>"; };
/* End PBXFileReference section */

/* Begin PBXFrameworksBuildPhase section */
		451FE9332880BA240024A924 /* Frameworks */ = {
			isa = PBXFrameworksBuildPhase;
			buildActionMask = 2147483647;
			files = (
				458A606328FC99DD00566567 /* iOSIntPackage in Frameworks */,
				45FA849D28F8CCF300F71E79 /* StorageService.framework in Frameworks */,
				DCCF91FA40592C83C0720B8B /* Pods_Navigation.framework in Frameworks */,
			);
			runOnlyForDeploymentPostprocessing = 0;
		};
		45FA848528F8CCF200F71E79 /* Frameworks */ = {
			isa = PBXFrameworksBuildPhase;
			buildActionMask = 2147483647;
			files = (
				F8E5ECD70FC646094BFBE378 /* Pods_StorageService.framework in Frameworks */,
			);
			runOnlyForDeploymentPostprocessing = 0;
		};
		45FA848E28F8CCF300F71E79 /* Frameworks */ = {
			isa = PBXFrameworksBuildPhase;
			buildActionMask = 2147483647;
			files = (
				45FA849228F8CCF300F71E79 /* StorageService.framework in Frameworks */,
				9849123DB23EF2A73D95C6DC /* Pods_StorageService_StorageServiceTests.framework in Frameworks */,
			);
			runOnlyForDeploymentPostprocessing = 0;
		};
/* End PBXFrameworksBuildPhase section */

/* Begin PBXGroup section */
		0B7A252B58A25F69519D055C /* Frameworks */ = {
			isa = PBXGroup;
			children = (
				98C527F598F99A339224DA3E /* Pods_Navigation.framework */,
				07D975C950EFD15292FD7F63 /* Pods_StorageService.framework */,
				C38D452222B8A5114242FFDC /* Pods_StorageService_StorageServiceTests.framework */,
			);
			name = Frameworks;
			sourceTree = "<group>";
		};
		451FE92D2880BA240024A924 = {
			isa = PBXGroup;
			children = (
				451FE9382880BA240024A924 /* Navigation */,
				45FA848928F8CCF200F71E79 /* StorageService */,
				45FA849728F8CCF300F71E79 /* StorageServiceTests */,
				451FE9372880BA240024A924 /* Products */,
				A5559D38EA7F1A336066A8E1 /* Pods */,
				0B7A252B58A25F69519D055C /* Frameworks */,
			);
			sourceTree = "<group>";
		};
		451FE9372880BA240024A924 /* Products */ = {
			isa = PBXGroup;
			children = (
				451FE9362880BA240024A924 /* Navigation.app */,
				45FA848828F8CCF200F71E79 /* StorageService.framework */,
				45FA849128F8CCF300F71E79 /* StorageServiceTests.xctest */,
			);
			name = Products;
			sourceTree = "<group>";
		};
		451FE9382880BA240024A924 /* Navigation */ = {
			isa = PBXGroup;
			children = (
				451FE9392880BA240024A924 /* AppDelegate.swift */,
				451FE93B2880BA240024A924 /* SceneDelegate.swift */,
				451FE94D2880C5620024A924 /* FeedViewController.swift */,
				451FE9532886F4690024A924 /* InfoViewController.swift */,
				451FE94F2880CB8A0024A924 /* PostViewController.swift */,
				45832A42289C3B50005C65C2 /* Blue_pixel.png */,
				451FE9422880BA270024A924 /* Assets.xcassets */,
				45832A402899C067005C65C2 /* logo.png */,
				451FE9442880BA270024A924 /* LaunchScreen.storyboard */,
				451FE9472880BA270024A924 /* Info.plist */,
				451FE957288C5AD80024A924 /* Profile */,
			);
			path = Navigation;
			sourceTree = "<group>";
		};
		451FE957288C5AD80024A924 /* Profile */ = {
			isa = PBXGroup;
			children = (
				451FE958288C5B1B0024A924 /* ProfileTableHeaderView.swift */,
				451FE95128834D240024A924 /* ProfileViewController.swift */,
				455CCAC628B570B7005590E2 /* AvatarView.swift */,
				457AA3A628AC3CB600BFB8A9 /* Photos.swift */,
				45CF81C528A2597A006F6960 /* PostTableViewCell.swift */,
				457AA3A428A9855900BFB8A9 /* PhotosTableViewCell.swift */,
				457AA3A828AC415400BFB8A9 /* PhotosViewController.swift */,
				455CCAC428AD81D7005590E2 /* PhotosCollectionViewCell.swift */,
				45832A3E289971D7005C65C2 /* LogInViewController.swift */,
			);
			path = Profile;
			sourceTree = "<group>";
		};
		45FA848928F8CCF200F71E79 /* StorageService */ = {
			isa = PBXGroup;
			children = (
				45FA848A28F8CCF200F71E79 /* StorageService.h */,
				45FA848B28F8CCF200F71E79 /* StorageService.docc */,
			);
			path = StorageService;
			sourceTree = "<group>";
		};
		45FA849728F8CCF300F71E79 /* StorageServiceTests */ = {
			isa = PBXGroup;
			children = (
				45FA849828F8CCF300F71E79 /* StorageServiceTests.swift */,
				4594EEFA28A0695C000B408C /* Post.swift */,
			);
			path = StorageServiceTests;
			sourceTree = "<group>";
		};
		A5559D38EA7F1A336066A8E1 /* Pods */ = {
			isa = PBXGroup;
			children = (
				3FAFBF6A58B4EB9DFE583705 /* Pods-Navigation.debug.xcconfig */,
				D6AC8B82BC5ADBF2B7B08774 /* Pods-Navigation.release.xcconfig */,
				4A6763580C1122B2D7EA45B3 /* Pods-StorageService.debug.xcconfig */,
				FB9E55C3475636DAF0D4E1BB /* Pods-StorageService.release.xcconfig */,
				7F22140F3955D08FBE6639A5 /* Pods-StorageService-StorageServiceTests.debug.xcconfig */,
				139F032780894E5E28D174E0 /* Pods-StorageService-StorageServiceTests.release.xcconfig */,
			);
			path = Pods;
			sourceTree = "<group>";
		};
/* End PBXGroup section */

/* Begin PBXHeadersBuildPhase section */
		45FA848328F8CCF200F71E79 /* Headers */ = {
			isa = PBXHeadersBuildPhase;
			buildActionMask = 2147483647;
			files = (
				45FA849A28F8CCF300F71E79 /* StorageService.h in Headers */,
			);
			runOnlyForDeploymentPostprocessing = 0;
		};
/* End PBXHeadersBuildPhase section */

/* Begin PBXNativeTarget section */
		451FE9352880BA240024A924 /* Navigation */ = {
			isa = PBXNativeTarget;
			buildConfigurationList = 451FE94A2880BA270024A924 /* Build configuration list for PBXNativeTarget "Navigation" */;
			buildPhases = (
				03230812E6CA96CABA426EDA /* [CP] Check Pods Manifest.lock */,
				451FE9322880BA240024A924 /* Sources */,
				451FE9332880BA240024A924 /* Frameworks */,
				451FE9342880BA240024A924 /* Resources */,
				45FA849F28F8CCF300F71E79 /* Embed Frameworks */,
				5DD2EF100D104E2EADC128AE /* [CP] Embed Pods Frameworks */,
			);
			buildRules = (
			);
			dependencies = (
				45FA849C28F8CCF300F71E79 /* PBXTargetDependency */,
			);
			name = Navigation;
			packageProductDependencies = (
				458A606228FC99DD00566567 /* iOSIntPackage */,
			);
			productName = Navigation;
			productReference = 451FE9362880BA240024A924 /* Navigation.app */;
			productType = "com.apple.product-type.application";
		};
		45FA848728F8CCF200F71E79 /* StorageService */ = {
			isa = PBXNativeTarget;
			buildConfigurationList = 45FA84A428F8CCF300F71E79 /* Build configuration list for PBXNativeTarget "StorageService" */;
			buildPhases = (
				991F28D6C3B35DEA522F0395 /* [CP] Check Pods Manifest.lock */,
				45FA848328F8CCF200F71E79 /* Headers */,
				45FA848428F8CCF200F71E79 /* Sources */,
				45FA848528F8CCF200F71E79 /* Frameworks */,
				45FA848628F8CCF200F71E79 /* Resources */,
			);
			buildRules = (
			);
			dependencies = (
			);
			name = StorageService;
			productName = StorageService;
			productReference = 45FA848828F8CCF200F71E79 /* StorageService.framework */;
			productType = "com.apple.product-type.framework";
		};
		45FA849028F8CCF300F71E79 /* StorageServiceTests */ = {
			isa = PBXNativeTarget;
			buildConfigurationList = 45FA84A528F8CCF300F71E79 /* Build configuration list for PBXNativeTarget "StorageServiceTests" */;
			buildPhases = (
				DDFF379804E547766C2B0CD9 /* [CP] Check Pods Manifest.lock */,
				45FA848D28F8CCF300F71E79 /* Sources */,
				45FA848E28F8CCF300F71E79 /* Frameworks */,
				45FA848F28F8CCF300F71E79 /* Resources */,
			);
			buildRules = (
			);
			dependencies = (
				45FA849428F8CCF300F71E79 /* PBXTargetDependency */,
				45FA849628F8CCF300F71E79 /* PBXTargetDependency */,
			);
			name = StorageServiceTests;
			productName = StorageServiceTests;
			productReference = 45FA849128F8CCF300F71E79 /* StorageServiceTests.xctest */;
			productType = "com.apple.product-type.bundle.unit-test";
		};
/* End PBXNativeTarget section */

/* Begin PBXProject section */
		451FE92E2880BA240024A924 /* Project object */ = {
			isa = PBXProject;
			attributes = {
				BuildIndependentTargetsInParallel = 1;
				LastSwiftUpdateCheck = 1340;
				LastUpgradeCheck = 1340;
				TargetAttributes = {
					451FE9352880BA240024A924 = {
						CreatedOnToolsVersion = 13.4.1;
					};
					45FA848728F8CCF200F71E79 = {
						CreatedOnToolsVersion = 13.4.1;
					};
					45FA849028F8CCF300F71E79 = {
						CreatedOnToolsVersion = 13.4.1;
						TestTargetID = 451FE9352880BA240024A924;
					};
				};
			};
			buildConfigurationList = 451FE9312880BA240024A924 /* Build configuration list for PBXProject "Navigation" */;
			compatibilityVersion = "Xcode 13.0";
			developmentRegion = en;
			hasScannedForEncodings = 0;
			knownRegions = (
				en,
				Base,
			);
			mainGroup = 451FE92D2880BA240024A924;
			packageReferences = (
				458A606128FC99DD00566567 /* XCRemoteSwiftPackageReference "iOSIntPackage" */,
			);
			productRefGroup = 451FE9372880BA240024A924 /* Products */;
			projectDirPath = "";
			projectRoot = "";
			targets = (
				451FE9352880BA240024A924 /* Navigation */,
				45FA848728F8CCF200F71E79 /* StorageService */,
				45FA849028F8CCF300F71E79 /* StorageServiceTests */,
			);
		};
/* End PBXProject section */

/* Begin PBXResourcesBuildPhase section */
		451FE9342880BA240024A924 /* Resources */ = {
			isa = PBXResourcesBuildPhase;
			buildActionMask = 2147483647;
			files = (
				451FE9462880BA270024A924 /* LaunchScreen.storyboard in Resources */,
				451FE9432880BA270024A924 /* Assets.xcassets in Resources */,
				45832A43289C3B50005C65C2 /* Blue_pixel.png in Resources */,
				45832A412899C067005C65C2 /* logo.png in Resources */,
			);
			runOnlyForDeploymentPostprocessing = 0;
		};
		45FA848628F8CCF200F71E79 /* Resources */ = {
			isa = PBXResourcesBuildPhase;
			buildActionMask = 2147483647;
			files = (
			);
			runOnlyForDeploymentPostprocessing = 0;
		};
		45FA848F28F8CCF300F71E79 /* Resources */ = {
			isa = PBXResourcesBuildPhase;
			buildActionMask = 2147483647;
			files = (
			);
			runOnlyForDeploymentPostprocessing = 0;
		};
/* End PBXResourcesBuildPhase section */

/* Begin PBXShellScriptBuildPhase section */
		03230812E6CA96CABA426EDA /* [CP] Check Pods Manifest.lock */ = {
			isa = PBXShellScriptBuildPhase;
			buildActionMask = 2147483647;
			files = (
			);
			inputFileListPaths = (
			);
			inputPaths = (
				"${PODS_PODFILE_DIR_PATH}/Podfile.lock",
				"${PODS_ROOT}/Manifest.lock",
			);
			name = "[CP] Check Pods Manifest.lock";
			outputFileListPaths = (
			);
			outputPaths = (
				"$(DERIVED_FILE_DIR)/Pods-Navigation-checkManifestLockResult.txt",
			);
			runOnlyForDeploymentPostprocessing = 0;
			shellPath = /bin/sh;
			shellScript = "diff \"${PODS_PODFILE_DIR_PATH}/Podfile.lock\" \"${PODS_ROOT}/Manifest.lock\" > /dev/null\nif [ $? != 0 ] ; then\n    # print error to STDERR\n    echo \"error: The sandbox is not in sync with the Podfile.lock. Run 'pod install' or update your CocoaPods installation.\" >&2\n    exit 1\nfi\n# This output is used by Xcode 'outputs' to avoid re-running this script phase.\necho \"SUCCESS\" > \"${SCRIPT_OUTPUT_FILE_0}\"\n";
			showEnvVarsInLog = 0;
		};
		5DD2EF100D104E2EADC128AE /* [CP] Embed Pods Frameworks */ = {
			isa = PBXShellScriptBuildPhase;
			buildActionMask = 2147483647;
			files = (
			);
			inputFileListPaths = (
				"${PODS_ROOT}/Target Support Files/Pods-Navigation/Pods-Navigation-frameworks-${CONFIGURATION}-input-files.xcfilelist",
			);
			name = "[CP] Embed Pods Frameworks";
			outputFileListPaths = (
				"${PODS_ROOT}/Target Support Files/Pods-Navigation/Pods-Navigation-frameworks-${CONFIGURATION}-output-files.xcfilelist",
			);
			runOnlyForDeploymentPostprocessing = 0;
			shellPath = /bin/sh;
			shellScript = "\"${PODS_ROOT}/Target Support Files/Pods-Navigation/Pods-Navigation-frameworks.sh\"\n";
			showEnvVarsInLog = 0;
		};
		991F28D6C3B35DEA522F0395 /* [CP] Check Pods Manifest.lock */ = {
			isa = PBXShellScriptBuildPhase;
			buildActionMask = 2147483647;
			files = (
			);
			inputFileListPaths = (
			);
			inputPaths = (
				"${PODS_PODFILE_DIR_PATH}/Podfile.lock",
				"${PODS_ROOT}/Manifest.lock",
			);
			name = "[CP] Check Pods Manifest.lock";
			outputFileListPaths = (
			);
			outputPaths = (
				"$(DERIVED_FILE_DIR)/Pods-StorageService-checkManifestLockResult.txt",
			);
			runOnlyForDeploymentPostprocessing = 0;
			shellPath = /bin/sh;
			shellScript = "diff \"${PODS_PODFILE_DIR_PATH}/Podfile.lock\" \"${PODS_ROOT}/Manifest.lock\" > /dev/null\nif [ $? != 0 ] ; then\n    # print error to STDERR\n    echo \"error: The sandbox is not in sync with the Podfile.lock. Run 'pod install' or update your CocoaPods installation.\" >&2\n    exit 1\nfi\n# This output is used by Xcode 'outputs' to avoid re-running this script phase.\necho \"SUCCESS\" > \"${SCRIPT_OUTPUT_FILE_0}\"\n";
			showEnvVarsInLog = 0;
		};
		DDFF379804E547766C2B0CD9 /* [CP] Check Pods Manifest.lock */ = {
			isa = PBXShellScriptBuildPhase;
			buildActionMask = 2147483647;
			files = (
			);
			inputFileListPaths = (
			);
			inputPaths = (
				"${PODS_PODFILE_DIR_PATH}/Podfile.lock",
				"${PODS_ROOT}/Manifest.lock",
			);
			name = "[CP] Check Pods Manifest.lock";
			outputFileListPaths = (
			);
			outputPaths = (
				"$(DERIVED_FILE_DIR)/Pods-StorageService-StorageServiceTests-checkManifestLockResult.txt",
			);
			runOnlyForDeploymentPostprocessing = 0;
			shellPath = /bin/sh;
			shellScript = "diff \"${PODS_PODFILE_DIR_PATH}/Podfile.lock\" \"${PODS_ROOT}/Manifest.lock\" > /dev/null\nif [ $? != 0 ] ; then\n    # print error to STDERR\n    echo \"error: The sandbox is not in sync with the Podfile.lock. Run 'pod install' or update your CocoaPods installation.\" >&2\n    exit 1\nfi\n# This output is used by Xcode 'outputs' to avoid re-running this script phase.\necho \"SUCCESS\" > \"${SCRIPT_OUTPUT_FILE_0}\"\n";
			showEnvVarsInLog = 0;
		};
/* End PBXShellScriptBuildPhase section */

/* Begin PBXSourcesBuildPhase section */
		451FE9322880BA240024A924 /* Sources */ = {
			isa = PBXSourcesBuildPhase;
			buildActionMask = 2147483647;
			files = (
				457AA3A728AC3CB600BFB8A9 /* Photos.swift in Sources */,
				455CCAC528AD81D7005590E2 /* PhotosCollectionViewCell.swift in Sources */,
				457AA3A928AC415400BFB8A9 /* PhotosViewController.swift in Sources */,
				45CF81C628A2597A006F6960 /* PostTableViewCell.swift in Sources */,
				451FE93A2880BA240024A924 /* AppDelegate.swift in Sources */,
				451FE94E2880C5620024A924 /* FeedViewController.swift in Sources */,
				457AA3A528A9855900BFB8A9 /* PhotosTableViewCell.swift in Sources */,
				451FE95228834D240024A924 /* ProfileViewController.swift in Sources */,
				451FE93C2880BA240024A924 /* SceneDelegate.swift in Sources */,
				45832A3F289971D7005C65C2 /* LogInViewController.swift in Sources */,
				451FE9542886F4690024A924 /* InfoViewController.swift in Sources */,
				451FE959288C5B1B0024A924 /* ProfileTableHeaderView.swift in Sources */,
				455CCAC728B570B7005590E2 /* AvatarView.swift in Sources */,
				451FE9502880CB8A0024A924 /* PostViewController.swift in Sources */,
			);
			runOnlyForDeploymentPostprocessing = 0;
		};
		45FA848428F8CCF200F71E79 /* Sources */ = {
			isa = PBXSourcesBuildPhase;
			buildActionMask = 2147483647;
			files = (
				45FA848C28F8CCF200F71E79 /* StorageService.docc in Sources */,
				45EC5C3A28FB5771000C44C1 /* Post.swift in Sources */,
			);
			runOnlyForDeploymentPostprocessing = 0;
		};
		45FA848D28F8CCF300F71E79 /* Sources */ = {
			isa = PBXSourcesBuildPhase;
			buildActionMask = 2147483647;
			files = (
				45FA849928F8CCF300F71E79 /* StorageServiceTests.swift in Sources */,
				45FA84A728F8CD3D00F71E79 /* Post.swift in Sources */,
			);
			runOnlyForDeploymentPostprocessing = 0;
		};
/* End PBXSourcesBuildPhase section */

/* Begin PBXTargetDependency section */
		45FA849428F8CCF300F71E79 /* PBXTargetDependency */ = {
			isa = PBXTargetDependency;
			target = 45FA848728F8CCF200F71E79 /* StorageService */;
			targetProxy = 45FA849328F8CCF300F71E79 /* PBXContainerItemProxy */;
		};
		45FA849628F8CCF300F71E79 /* PBXTargetDependency */ = {
			isa = PBXTargetDependency;
			target = 451FE9352880BA240024A924 /* Navigation */;
			targetProxy = 45FA849528F8CCF300F71E79 /* PBXContainerItemProxy */;
		};
		45FA849C28F8CCF300F71E79 /* PBXTargetDependency */ = {
			isa = PBXTargetDependency;
			target = 45FA848728F8CCF200F71E79 /* StorageService */;
			targetProxy = 45FA849B28F8CCF300F71E79 /* PBXContainerItemProxy */;
		};
/* End PBXTargetDependency section */

/* Begin PBXVariantGroup section */
		451FE9442880BA270024A924 /* LaunchScreen.storyboard */ = {
			isa = PBXVariantGroup;
			children = (
				451FE9452880BA270024A924 /* Base */,
			);
			name = LaunchScreen.storyboard;
			sourceTree = "<group>";
		};
/* End PBXVariantGroup section */

/* Begin XCBuildConfiguration section */
		451FE9482880BA270024A924 /* Debug */ = {
			isa = XCBuildConfiguration;
			buildSettings = {
				ALWAYS_SEARCH_USER_PATHS = NO;
				CLANG_ANALYZER_NONNULL = YES;
				CLANG_ANALYZER_NUMBER_OBJECT_CONVERSION = YES_AGGRESSIVE;
				CLANG_CXX_LANGUAGE_STANDARD = "gnu++17";
				CLANG_ENABLE_MODULES = YES;
				CLANG_ENABLE_OBJC_ARC = YES;
				CLANG_ENABLE_OBJC_WEAK = YES;
				CLANG_WARN_BLOCK_CAPTURE_AUTORELEASING = YES;
				CLANG_WARN_BOOL_CONVERSION = YES;
				CLANG_WARN_COMMA = YES;
				CLANG_WARN_CONSTANT_CONVERSION = YES;
				CLANG_WARN_DEPRECATED_OBJC_IMPLEMENTATIONS = YES;
				CLANG_WARN_DIRECT_OBJC_ISA_USAGE = YES_ERROR;
				CLANG_WARN_DOCUMENTATION_COMMENTS = YES;
				CLANG_WARN_EMPTY_BODY = YES;
				CLANG_WARN_ENUM_CONVERSION = YES;
				CLANG_WARN_INFINITE_RECURSION = YES;
				CLANG_WARN_INT_CONVERSION = YES;
				CLANG_WARN_NON_LITERAL_NULL_CONVERSION = YES;
				CLANG_WARN_OBJC_IMPLICIT_RETAIN_SELF = YES;
				CLANG_WARN_OBJC_LITERAL_CONVERSION = YES;
				CLANG_WARN_OBJC_ROOT_CLASS = YES_ERROR;
				CLANG_WARN_QUOTED_INCLUDE_IN_FRAMEWORK_HEADER = YES;
				CLANG_WARN_RANGE_LOOP_ANALYSIS = YES;
				CLANG_WARN_STRICT_PROTOTYPES = YES;
				CLANG_WARN_SUSPICIOUS_MOVE = YES;
				CLANG_WARN_UNGUARDED_AVAILABILITY = YES_AGGRESSIVE;
				CLANG_WARN_UNREACHABLE_CODE = YES;
				CLANG_WARN__DUPLICATE_METHOD_MATCH = YES;
				COPY_PHASE_STRIP = NO;
				DEBUG_INFORMATION_FORMAT = dwarf;
				ENABLE_STRICT_OBJC_MSGSEND = YES;
				ENABLE_TESTABILITY = YES;
				GCC_C_LANGUAGE_STANDARD = gnu11;
				GCC_DYNAMIC_NO_PIC = NO;
				GCC_NO_COMMON_BLOCKS = YES;
				GCC_OPTIMIZATION_LEVEL = 0;
				GCC_PREPROCESSOR_DEFINITIONS = (
					"DEBUG=1",
					"$(inherited)",
				);
				GCC_WARN_64_TO_32_BIT_CONVERSION = YES;
				GCC_WARN_ABOUT_RETURN_TYPE = YES_ERROR;
				GCC_WARN_UNDECLARED_SELECTOR = YES;
				GCC_WARN_UNINITIALIZED_AUTOS = YES_AGGRESSIVE;
				GCC_WARN_UNUSED_FUNCTION = YES;
				GCC_WARN_UNUSED_VARIABLE = YES;
				IPHONEOS_DEPLOYMENT_TARGET = 15.5;
				MTL_ENABLE_DEBUG_INFO = INCLUDE_SOURCE;
				MTL_FAST_MATH = YES;
				ONLY_ACTIVE_ARCH = YES;
				SDKROOT = iphoneos;
				SWIFT_ACTIVE_COMPILATION_CONDITIONS = DEBUG;
				SWIFT_OPTIMIZATION_LEVEL = "-Onone";
			};
			name = Debug;
		};
		451FE9492880BA270024A924 /* Release */ = {
			isa = XCBuildConfiguration;
			buildSettings = {
				ALWAYS_SEARCH_USER_PATHS = NO;
				CLANG_ANALYZER_NONNULL = YES;
				CLANG_ANALYZER_NUMBER_OBJECT_CONVERSION = YES_AGGRESSIVE;
				CLANG_CXX_LANGUAGE_STANDARD = "gnu++17";
				CLANG_ENABLE_MODULES = YES;
				CLANG_ENABLE_OBJC_ARC = YES;
				CLANG_ENABLE_OBJC_WEAK = YES;
				CLANG_WARN_BLOCK_CAPTURE_AUTORELEASING = YES;
				CLANG_WARN_BOOL_CONVERSION = YES;
				CLANG_WARN_COMMA = YES;
				CLANG_WARN_CONSTANT_CONVERSION = YES;
				CLANG_WARN_DEPRECATED_OBJC_IMPLEMENTATIONS = YES;
				CLANG_WARN_DIRECT_OBJC_ISA_USAGE = YES_ERROR;
				CLANG_WARN_DOCUMENTATION_COMMENTS = YES;
				CLANG_WARN_EMPTY_BODY = YES;
				CLANG_WARN_ENUM_CONVERSION = YES;
				CLANG_WARN_INFINITE_RECURSION = YES;
				CLANG_WARN_INT_CONVERSION = YES;
				CLANG_WARN_NON_LITERAL_NULL_CONVERSION = YES;
				CLANG_WARN_OBJC_IMPLICIT_RETAIN_SELF = YES;
				CLANG_WARN_OBJC_LITERAL_CONVERSION = YES;
				CLANG_WARN_OBJC_ROOT_CLASS = YES_ERROR;
				CLANG_WARN_QUOTED_INCLUDE_IN_FRAMEWORK_HEADER = YES;
				CLANG_WARN_RANGE_LOOP_ANALYSIS = YES;
				CLANG_WARN_STRICT_PROTOTYPES = YES;
				CLANG_WARN_SUSPICIOUS_MOVE = YES;
				CLANG_WARN_UNGUARDED_AVAILABILITY = YES_AGGRESSIVE;
				CLANG_WARN_UNREACHABLE_CODE = YES;
				CLANG_WARN__DUPLICATE_METHOD_MATCH = YES;
				COPY_PHASE_STRIP = NO;
				DEBUG_INFORMATION_FORMAT = "dwarf-with-dsym";
				ENABLE_NS_ASSERTIONS = NO;
				ENABLE_STRICT_OBJC_MSGSEND = YES;
				GCC_C_LANGUAGE_STANDARD = gnu11;
				GCC_NO_COMMON_BLOCKS = YES;
				GCC_WARN_64_TO_32_BIT_CONVERSION = YES;
				GCC_WARN_ABOUT_RETURN_TYPE = YES_ERROR;
				GCC_WARN_UNDECLARED_SELECTOR = YES;
				GCC_WARN_UNINITIALIZED_AUTOS = YES_AGGRESSIVE;
				GCC_WARN_UNUSED_FUNCTION = YES;
				GCC_WARN_UNUSED_VARIABLE = YES;
				IPHONEOS_DEPLOYMENT_TARGET = 15.5;
				MTL_ENABLE_DEBUG_INFO = NO;
				MTL_FAST_MATH = YES;
				SDKROOT = iphoneos;
				SWIFT_COMPILATION_MODE = wholemodule;
				SWIFT_OPTIMIZATION_LEVEL = "-O";
				VALIDATE_PRODUCT = YES;
			};
			name = Release;
		};
		451FE94B2880BA270024A924 /* Debug */ = {
			isa = XCBuildConfiguration;
			baseConfigurationReference = 3FAFBF6A58B4EB9DFE583705 /* Pods-Navigation.debug.xcconfig */;
			buildSettings = {
				ALWAYS_EMBED_SWIFT_STANDARD_LIBRARIES = YES;
				ASSETCATALOG_COMPILER_APPICON_NAME = AppIcon;
				ASSETCATALOG_COMPILER_GLOBAL_ACCENT_COLOR_NAME = AccentColor;
				CODE_SIGN_STYLE = Automatic;
				CURRENT_PROJECT_VERSION = 1;
				DEVELOPMENT_TEAM = JZPU7337NX;
				GENERATE_INFOPLIST_FILE = YES;
				INFOPLIST_FILE = Navigation/Info.plist;
				INFOPLIST_KEY_UIApplicationSupportsIndirectInputEvents = YES;
				INFOPLIST_KEY_UILaunchStoryboardName = LaunchScreen;
				INFOPLIST_KEY_UISupportedInterfaceOrientations_iPad = "UIInterfaceOrientationPortrait UIInterfaceOrientationPortraitUpsideDown UIInterfaceOrientationLandscapeLeft UIInterfaceOrientationLandscapeRight";
				INFOPLIST_KEY_UISupportedInterfaceOrientations_iPhone = "UIInterfaceOrientationPortrait UIInterfaceOrientationLandscapeLeft UIInterfaceOrientationLandscapeRight";
				LD_RUNPATH_SEARCH_PATHS = (
					"$(inherited)",
					"@executable_path/Frameworks",
				);
				MARKETING_VERSION = 1.0;
				PRODUCT_BUNDLE_IDENTIFIER = "Roman-Vronsky.Navigation";
				PRODUCT_NAME = "$(TARGET_NAME)";
				SWIFT_EMIT_LOC_STRINGS = YES;
				SWIFT_VERSION = 5.0;
				TARGETED_DEVICE_FAMILY = "1,2";
			};
			name = Debug;
		};
		451FE94C2880BA270024A924 /* Release */ = {
			isa = XCBuildConfiguration;
			baseConfigurationReference = D6AC8B82BC5ADBF2B7B08774 /* Pods-Navigation.release.xcconfig */;
			buildSettings = {
				ALWAYS_EMBED_SWIFT_STANDARD_LIBRARIES = YES;
				ASSETCATALOG_COMPILER_APPICON_NAME = AppIcon;
				ASSETCATALOG_COMPILER_GLOBAL_ACCENT_COLOR_NAME = AccentColor;
				CODE_SIGN_STYLE = Automatic;
				CURRENT_PROJECT_VERSION = 1;
				DEVELOPMENT_TEAM = JZPU7337NX;
				GENERATE_INFOPLIST_FILE = YES;
				INFOPLIST_FILE = Navigation/Info.plist;
				INFOPLIST_KEY_UIApplicationSupportsIndirectInputEvents = YES;
				INFOPLIST_KEY_UILaunchStoryboardName = LaunchScreen;
				INFOPLIST_KEY_UISupportedInterfaceOrientations_iPad = "UIInterfaceOrientationPortrait UIInterfaceOrientationPortraitUpsideDown UIInterfaceOrientationLandscapeLeft UIInterfaceOrientationLandscapeRight";
				INFOPLIST_KEY_UISupportedInterfaceOrientations_iPhone = "UIInterfaceOrientationPortrait UIInterfaceOrientationLandscapeLeft UIInterfaceOrientationLandscapeRight";
				LD_RUNPATH_SEARCH_PATHS = (
					"$(inherited)",
					"@executable_path/Frameworks",
				);
				MARKETING_VERSION = 1.0;
				PRODUCT_BUNDLE_IDENTIFIER = "Roman-Vronsky.Navigation";
				PRODUCT_NAME = "$(TARGET_NAME)";
				SWIFT_EMIT_LOC_STRINGS = YES;
				SWIFT_VERSION = 5.0;
				TARGETED_DEVICE_FAMILY = "1,2";
			};
			name = Release;
		};
		45FA84A028F8CCF300F71E79 /* Debug */ = {
			isa = XCBuildConfiguration;
			baseConfigurationReference = 4A6763580C1122B2D7EA45B3 /* Pods-StorageService.debug.xcconfig */;
			buildSettings = {
				CODE_SIGN_STYLE = Automatic;
				CURRENT_PROJECT_VERSION = 1;
				DEFINES_MODULE = YES;
				DEVELOPMENT_TEAM = JZPU7337NX;
				DYLIB_COMPATIBILITY_VERSION = 1;
				DYLIB_CURRENT_VERSION = 1;
				DYLIB_INSTALL_NAME_BASE = "@rpath";
				GENERATE_INFOPLIST_FILE = YES;
				INFOPLIST_KEY_NSHumanReadableCopyright = "";
				INSTALL_PATH = "$(LOCAL_LIBRARY_DIR)/Frameworks";
				LD_RUNPATH_SEARCH_PATHS = (
					"$(inherited)",
					"@executable_path/Frameworks",
					"@loader_path/Frameworks",
				);
				MARKETING_VERSION = 1.0;
				PRODUCT_BUNDLE_IDENTIFIER = "Roman-Vronsky.StorageService";
				PRODUCT_NAME = "$(TARGET_NAME:c99extidentifier)";
				SKIP_INSTALL = YES;
				SWIFT_EMIT_LOC_STRINGS = YES;
				SWIFT_VERSION = 5.0;
				TARGETED_DEVICE_FAMILY = "1,2";
				VERSIONING_SYSTEM = "apple-generic";
				VERSION_INFO_PREFIX = "";
			};
			name = Debug;
		};
		45FA84A128F8CCF300F71E79 /* Release */ = {
			isa = XCBuildConfiguration;
			baseConfigurationReference = FB9E55C3475636DAF0D4E1BB /* Pods-StorageService.release.xcconfig */;
			buildSettings = {
				CODE_SIGN_STYLE = Automatic;
				CURRENT_PROJECT_VERSION = 1;
				DEFINES_MODULE = YES;
				DEVELOPMENT_TEAM = JZPU7337NX;
				DYLIB_COMPATIBILITY_VERSION = 1;
				DYLIB_CURRENT_VERSION = 1;
				DYLIB_INSTALL_NAME_BASE = "@rpath";
				GENERATE_INFOPLIST_FILE = YES;
				INFOPLIST_KEY_NSHumanReadableCopyright = "";
				INSTALL_PATH = "$(LOCAL_LIBRARY_DIR)/Frameworks";
				LD_RUNPATH_SEARCH_PATHS = (
					"$(inherited)",
					"@executable_path/Frameworks",
					"@loader_path/Frameworks",
				);
				MARKETING_VERSION = 1.0;
				PRODUCT_BUNDLE_IDENTIFIER = "Roman-Vronsky.StorageService";
				PRODUCT_NAME = "$(TARGET_NAME:c99extidentifier)";
				SKIP_INSTALL = YES;
				SWIFT_EMIT_LOC_STRINGS = YES;
				SWIFT_VERSION = 5.0;
				TARGETED_DEVICE_FAMILY = "1,2";
				VERSIONING_SYSTEM = "apple-generic";
				VERSION_INFO_PREFIX = "";
			};
			name = Release;
		};
		45FA84A228F8CCF300F71E79 /* Debug */ = {
			isa = XCBuildConfiguration;
			baseConfigurationReference = 7F22140F3955D08FBE6639A5 /* Pods-StorageService-StorageServiceTests.debug.xcconfig */;
			buildSettings = {
				ALWAYS_EMBED_SWIFT_STANDARD_LIBRARIES = YES;
				CODE_SIGN_STYLE = Automatic;
				CURRENT_PROJECT_VERSION = 1;
				DEVELOPMENT_TEAM = JZPU7337NX;
				GENERATE_INFOPLIST_FILE = YES;
				MARKETING_VERSION = 1.0;
				PRODUCT_BUNDLE_IDENTIFIER = "Roman-Vronsky.StorageServiceTests";
				PRODUCT_NAME = "$(TARGET_NAME)";
				SWIFT_EMIT_LOC_STRINGS = NO;
				SWIFT_VERSION = 5.0;
				TARGETED_DEVICE_FAMILY = "1,2";
				TEST_HOST = "$(BUILT_PRODUCTS_DIR)/Navigation.app/Navigation";
			};
			name = Debug;
		};
		45FA84A328F8CCF300F71E79 /* Release */ = {
			isa = XCBuildConfiguration;
			baseConfigurationReference = 139F032780894E5E28D174E0 /* Pods-StorageService-StorageServiceTests.release.xcconfig */;
			buildSettings = {
				ALWAYS_EMBED_SWIFT_STANDARD_LIBRARIES = YES;
				CODE_SIGN_STYLE = Automatic;
				CURRENT_PROJECT_VERSION = 1;
				DEVELOPMENT_TEAM = JZPU7337NX;
				GENERATE_INFOPLIST_FILE = YES;
				MARKETING_VERSION = 1.0;
				PRODUCT_BUNDLE_IDENTIFIER = "Roman-Vronsky.StorageServiceTests";
				PRODUCT_NAME = "$(TARGET_NAME)";
				SWIFT_EMIT_LOC_STRINGS = NO;
				SWIFT_VERSION = 5.0;
				TARGETED_DEVICE_FAMILY = "1,2";
				TEST_HOST = "$(BUILT_PRODUCTS_DIR)/Navigation.app/Navigation";
			};
			name = Release;
		};
/* End XCBuildConfiguration section */

/* Begin XCConfigurationList section */
		451FE9312880BA240024A924 /* Build configuration list for PBXProject "Navigation" */ = {
			isa = XCConfigurationList;
			buildConfigurations = (
				451FE9482880BA270024A924 /* Debug */,
				451FE9492880BA270024A924 /* Release */,
			);
			defaultConfigurationIsVisible = 0;
			defaultConfigurationName = Release;
		};
		451FE94A2880BA270024A924 /* Build configuration list for PBXNativeTarget "Navigation" */ = {
			isa = XCConfigurationList;
			buildConfigurations = (
				451FE94B2880BA270024A924 /* Debug */,
				451FE94C2880BA270024A924 /* Release */,
			);
			defaultConfigurationIsVisible = 0;
			defaultConfigurationName = Release;
		};
		45FA84A428F8CCF300F71E79 /* Build configuration list for PBXNativeTarget "StorageService" */ = {
			isa = XCConfigurationList;
			buildConfigurations = (
				45FA84A028F8CCF300F71E79 /* Debug */,
				45FA84A128F8CCF300F71E79 /* Release */,
			);
			defaultConfigurationIsVisible = 0;
			defaultConfigurationName = Release;
		};
		45FA84A528F8CCF300F71E79 /* Build configuration list for PBXNativeTarget "StorageServiceTests" */ = {
			isa = XCConfigurationList;
			buildConfigurations = (
				45FA84A228F8CCF300F71E79 /* Debug */,
				45FA84A328F8CCF300F71E79 /* Release */,
			);
			defaultConfigurationIsVisible = 0;
			defaultConfigurationName = Release;
		};
/* End XCConfigurationList section */

/* Begin XCRemoteSwiftPackageReference section */
		458A606128FC99DD00566567 /* XCRemoteSwiftPackageReference "iOSIntPackage" */ = {
			isa = XCRemoteSwiftPackageReference;
			repositoryURL = "https://github.com/TrueMax/iOSIntPackage.git";
			requirement = {
				kind = upToNextMajorVersion;
				minimumVersion = 2.0.0;
			};
		};
/* End XCRemoteSwiftPackageReference section */

/* Begin XCSwiftPackageProductDependency section */
		458A606228FC99DD00566567 /* iOSIntPackage */ = {
			isa = XCSwiftPackageProductDependency;
			package = 458A606128FC99DD00566567 /* XCRemoteSwiftPackageReference "iOSIntPackage" */;
			productName = iOSIntPackage;
		};
/* End XCSwiftPackageProductDependency section */
	};
	rootObject = 451FE92E2880BA240024A924 /* Project object */;
}
